
Microsoft Visual Studio Solution File, Format Version 12.00
# Visual Studio 15
Project("{FAE04EC0-301F-11D3-BF4B-00C04F79EFBC}") = "UnityEngine.TestRunner", "UnityEngine.TestRunner.csproj", "{4904A372-7B01-4F8A-64F3-B8E285BEAD8C}"
EndProject
Project("{FAE04EC0-301F-11D3-BF4B-00C04F79EFBC}") = "UnityEngine.UI", "UnityEngine.UI.csproj", "{A96EE1B9-1393-3516-304D-908A8F593618}"
EndProject
Project("{FAE04EC0-301F-11D3-BF4B-00C04F79EFBC}") = "Unity.VisualScripting.Flow", "Unity.VisualScripting.Flow.csproj", "{5BD08833-3ECE-D099-825D-E1E89CC4A3EF}"
EndProject
Project("{FAE04EC0-301F-11D3-BF4B-00C04F79EFBC}") = "Unity.VisualScripting.State", "Unity.VisualScripting.State.csproj", "{6A7A811B-1DC9-B666-23F7-E6FA8E0E8601}"
EndProject
Project("{FAE04EC0-301F-11D3-BF4B-00C04F79EFBC}") = "Unity.VisualScripting.Core", "Unity.VisualScripting.Core.csproj", "{0550A29E-AD0B-3DE3-C0AE-30AAAC47E6E4}"
EndProject
Project("{FAE04EC0-301F-11D3-BF4B-00C04F79EFBC}") = "Unity.TextMeshPro", "Unity.TextMeshPro.csproj", "{9D2C6694-F905-90B9-04F2-F5043C14465A}"
EndProject
Project("{FAE04EC0-301F-11D3-BF4B-00C04F79EFBC}") = "Unity.Timeline", "Unity.Timeline.csproj", "{4ACA285D-F9B9-E5E0-E40B-1C7C44DC6E57}"
EndProject
Project("{FAE04EC0-301F-11D3-BF4B-00C04F79EFBC}") = "Assembly-CSharp", "Assembly-CSharp.csproj", "{644FA694-C3AE-5A53-DCF9-50713103AFF9}"
EndProject
Project("{FAE04EC0-301F-11D3-BF4B-00C04F79EFBC}") = "Unity.PlasticSCM.Editor", "Unity.PlasticSCM.Editor.csproj", "{237A742A-481F-A3EE-E031-3AF2931FE25D}"
EndProject
Project("{FAE04EC0-301F-11D3-BF4B-00C04F79EFBC}") = "Unity.VisualScripting.Core.Editor", "Unity.VisualScripting.Core.Editor.csproj", "{E194FBE8-AD69-51A5-77CB-53219F37B32B}"
EndProject
Project("{FAE04EC0-301F-11D3-BF4B-00C04F79EFBC}") = "Unity.VisualScripting.Flow.Editor", "Unity.VisualScripting.Flow.Editor.csproj", "{05230581-9351-40E9-3836-1C8C511E8DD3}"
EndProject
Project("{FAE04EC0-301F-11D3-BF4B-00C04F79EFBC}") = "Unity.VisualStudio.Editor", "Unity.VisualStudio.Editor.csproj", "{BC46C828-513D-FE17-F81C-CB4E5F21CFAB}"
EndProject
Project("{FAE04EC0-301F-11D3-BF4B-00C04F79EFBC}") = "Unity.Timeline.Editor", "Unity.Timeline.Editor.csproj", "{C420EB9F-33C6-E443-D541-EC78A438E739}"
EndProject
Project("{FAE04EC0-301F-11D3-BF4B-00C04F79EFBC}") = "Unity.VisualScripting.State.Editor", "Unity.VisualScripting.State.Editor.csproj", "{EDFE754B-0AFD-5240-5805-13EDD8C5359E}"
EndProject
Project("{FAE04EC0-301F-11D3-BF4B-00C04F79EFBC}") = "Unity.TextMeshPro.Editor", "Unity.TextMeshPro.Editor.csproj", "{7BEBD14A-E71F-1C7A-FBC6-8944BD1E936E}"
EndProject
Project("{FAE04EC0-301F-11D3-BF4B-00C04F79EFBC}") = "Unity.VisualScripting.SettingsProvider.Editor", "Unity.VisualScripting.SettingsProvider.Editor.csproj", "{36E21B30-3B82-7629-9572-A99A2DE8613E}"
EndProject
Project("{FAE04EC0-301F-11D3-BF4B-00C04F79EFBC}") = "Unity.CollabProxy.Editor", "Unity.CollabProxy.Editor.csproj", "{3BCB4DB6-CC61-55C6-5350-52B2CA08AD5D}"
EndProject
Project("{FAE04EC0-301F-11D3-BF4B-00C04F79EFBC}") = "UnityEditor.TestRunner", "UnityEditor.TestRunner.csproj", "{B0F2992E-C0BD-DF8F-318B-340531F3A69B}"
EndProject
Project("{FAE04EC0-301F-11D3-BF4B-00C04F79EFBC}") = "Unity.TestTools.CodeCoverage.Editor", "Unity.TestTools.CodeCoverage.Editor.csproj", "{2AA2BA3E-A7FD-1DAB-67FA-F8C3525F2FB7}"
EndProject
Project("{FAE04EC0-301F-11D3-BF4B-00C04F79EFBC}") = "Unity.Rider.Editor", "Unity.Rider.Editor.csproj", "{FDE39A0D-CF9D-1A26-687A-CB92DD70BAC7}"
EndProject
Project("{FAE04EC0-301F-11D3-BF4B-00C04F79EFBC}") = "Unity.Services.Core.Editor", "Unity.Services.Core.Editor.csproj", "{FAA639E7-D020-CC41-FD50-3A5DC2AB50B7}"
EndProject
Project("{FAE04EC0-301F-11D3-BF4B-00C04F79EFBC}") = "Unity.Performance.Profile-Analyzer.Editor", "Unity.Performance.Profile-Analyzer.Editor.csproj", "{5E1C4A2D-D377-E149-2D65-C2587695ECFE}"
EndProject
Project("{FAE04EC0-301F-11D3-BF4B-00C04F79EFBC}") = "Unity.VSCode.Editor", "Unity.VSCode.Editor.csproj", "{5E29C620-2293-D687-DAD2-056073839E76}"
EndProject
Project("{FAE04EC0-301F-11D3-BF4B-00C04F79EFBC}") = "UnityEditor.UI", "UnityEditor.UI.csproj", "{67A04BC6-9B02-B5DD-60C4-5A4007D4E494}"
EndProject
Project("{FAE04EC0-301F-11D3-BF4B-00C04F79EFBC}") = "Unity.TestTools.CodeCoverage.Editor.OpenCover.Model", "Unity.TestTools.CodeCoverage.Editor.OpenCover.Model.csproj", "{55A9CF76-114F-E205-3A0E-7F18230C1FFA}"
EndProject
Project("{FAE04EC0-301F-11D3-BF4B-00C04F79EFBC}") = "Unity.EditorCoroutines.Editor", "Unity.EditorCoroutines.Editor.csproj", "{E53913E3-3E7C-2658-E142-30A3D6876FFE}"
EndProject
Project("{FAE04EC0-301F-11D3-BF4B-00C04F79EFBC}") = "Unity.Settings.Editor", "Unity.Settings.Editor.csproj", "{1BF19A26-44ED-A6D7-AEED-1D8BCDCEF6C1}"
EndProject
Project("{FAE04EC0-301F-11D3-BF4B-00C04F79EFBC}") = "Unity.TestTools.CodeCoverage.Editor.OpenCover.Mono.Reflection", "Unity.TestTools.CodeCoverage.Editor.OpenCover.Mono.Reflection.csproj", "{CDD7D791-9490-4200-E4A1-B09B560AEEFB}"
EndProject
Project("{FAE04EC0-301F-11D3-BF4B-00C04F79EFBC}") = "Unity.VisualScripting.Shared.Editor", "Unity.VisualScripting.Shared.Editor.csproj", "{7D6E4BCB-1FA4-4562-E566-53773320CC27}"
EndProject
Project("{FAE04EC0-301F-11D3-BF4B-00C04F79EFBC}") = "UnityEngine.TestRunner", "UnityEngine.TestRunner.Player.csproj", "{81A5CE78-8237-0FEE-0AF0-D94511ACA727}"
EndProject
Project("{FAE04EC0-301F-11D3-BF4B-00C04F79EFBC}") = "UnityEngine.UI", "UnityEngine.UI.Player.csproj", "{7E94C345-FE0A-E643-F1F7-1F16B3AD6280}"
EndProject
Project("{FAE04EC0-301F-11D3-BF4B-00C04F79EFBC}") = "Unity.VisualScripting.Flow", "Unity.VisualScripting.Flow.Player.csproj", "{439A8B82-9B09-816A-7648-F619F7105002}"
EndProject
Project("{FAE04EC0-301F-11D3-BF4B-00C04F79EFBC}") = "Unity.VisualScripting.State", "Unity.VisualScripting.State.Player.csproj", "{834B6FD5-C905-5B57-D0CB-7A9C2AB267F5}"
EndProject
Project("{FAE04EC0-301F-11D3-BF4B-00C04F79EFBC}") = "Unity.VisualScripting.Core", "Unity.VisualScripting.Core.Player.csproj", "{1CE77991-C9FE-3C2B-C927-1038A9E2B28B}"
EndProject
Project("{FAE04EC0-301F-11D3-BF4B-00C04F79EFBC}") = "Unity.TextMeshPro", "Unity.TextMeshPro.Player.csproj", "{D32EF64F-201C-483E-C2C6-C9EC60C8CFE3}"
EndProject
Project("{FAE04EC0-301F-11D3-BF4B-00C04F79EFBC}") = "Unity.Timeline", "Unity.Timeline.Player.csproj", "{271AA278-EF20-F165-D91A-40C542863E26}"
EndProject
Project("{FAE04EC0-301F-11D3-BF4B-00C04F79EFBC}") = "Assembly-CSharp", "Assembly-CSharp.Player.csproj", "{27F51362-2C6E-38E4-B54E-DB72F79B0CC7}"
EndProject
Global
	GlobalSection(SolutionConfigurationPlatforms) = preSolution
		Debug|Any CPU = Debug|Any CPU
		Release|Any CPU = Release|Any CPU
	EndGlobalSection
	GlobalSection(ProjectConfigurationPlatforms) = postSolution
		{4904A372-7B01-4F8A-64F3-B8E285BEAD8C}.Debug|Any CPU.ActiveCfg = Debug|Any CPU
		{4904A372-7B01-4F8A-64F3-B8E285BEAD8C}.Debug|Any CPU.Build.0 = Debug|Any CPU
		{4904A372-7B01-4F8A-64F3-B8E285BEAD8C}.Release|Any CPU.ActiveCfg = Release|Any CPU
		{4904A372-7B01-4F8A-64F3-B8E285BEAD8C}.Release|Any CPU.Build.0 = Release|Any CPU
		{A96EE1B9-1393-3516-304D-908A8F593618}.Debug|Any CPU.ActiveCfg = Debug|Any CPU
		{A96EE1B9-1393-3516-304D-908A8F593618}.Debug|Any CPU.Build.0 = Debug|Any CPU
		{A96EE1B9-1393-3516-304D-908A8F593618}.Release|Any CPU.ActiveCfg = Release|Any CPU
		{A96EE1B9-1393-3516-304D-908A8F593618}.Release|Any CPU.Build.0 = Release|Any CPU
		{5BD08833-3ECE-D099-825D-E1E89CC4A3EF}.Debug|Any CPU.ActiveCfg = Debug|Any CPU
		{5BD08833-3ECE-D099-825D-E1E89CC4A3EF}.Debug|Any CPU.Build.0 = Debug|Any CPU
		{5BD08833-3ECE-D099-825D-E1E89CC4A3EF}.Release|Any CPU.ActiveCfg = Release|Any CPU
		{5BD08833-3ECE-D099-825D-E1E89CC4A3EF}.Release|Any CPU.Build.0 = Release|Any CPU
		{6A7A811B-1DC9-B666-23F7-E6FA8E0E8601}.Debug|Any CPU.ActiveCfg = Debug|Any CPU
		{6A7A811B-1DC9-B666-23F7-E6FA8E0E8601}.Debug|Any CPU.Build.0 = Debug|Any CPU
		{6A7A811B-1DC9-B666-23F7-E6FA8E0E8601}.Release|Any CPU.ActiveCfg = Release|Any CPU
		{6A7A811B-1DC9-B666-23F7-E6FA8E0E8601}.Release|Any CPU.Build.0 = Release|Any CPU
		{0550A29E-AD0B-3DE3-C0AE-30AAAC47E6E4}.Debug|Any CPU.ActiveCfg = Debug|Any CPU
		{0550A29E-AD0B-3DE3-C0AE-30AAAC47E6E4}.Debug|Any CPU.Build.0 = Debug|Any CPU
		{0550A29E-AD0B-3DE3-C0AE-30AAAC47E6E4}.Release|Any CPU.ActiveCfg = Release|Any CPU
		{0550A29E-AD0B-3DE3-C0AE-30AAAC47E6E4}.Release|Any CPU.Build.0 = Release|Any CPU
		{9D2C6694-F905-90B9-04F2-F5043C14465A}.Debug|Any CPU.ActiveCfg = Debug|Any CPU
		{9D2C6694-F905-90B9-04F2-F5043C14465A}.Debug|Any CPU.Build.0 = Debug|Any CPU
		{9D2C6694-F905-90B9-04F2-F5043C14465A}.Release|Any CPU.ActiveCfg = Release|Any CPU
		{9D2C6694-F905-90B9-04F2-F5043C14465A}.Release|Any CPU.Build.0 = Release|Any CPU
		{4ACA285D-F9B9-E5E0-E40B-1C7C44DC6E57}.Debug|Any CPU.ActiveCfg = Debug|Any CPU
		{4ACA285D-F9B9-E5E0-E40B-1C7C44DC6E57}.Debug|Any CPU.Build.0 = Debug|Any CPU
		{4ACA285D-F9B9-E5E0-E40B-1C7C44DC6E57}.Release|Any CPU.ActiveCfg = Release|Any CPU
		{4ACA285D-F9B9-E5E0-E40B-1C7C44DC6E57}.Release|Any CPU.Build.0 = Release|Any CPU
		{644FA694-C3AE-5A53-DCF9-50713103AFF9}.Debug|Any CPU.ActiveCfg = Debug|Any CPU
		{644FA694-C3AE-5A53-DCF9-50713103AFF9}.Debug|Any CPU.Build.0 = Debug|Any CPU
		{644FA694-C3AE-5A53-DCF9-50713103AFF9}.Release|Any CPU.ActiveCfg = Release|Any CPU
		{644FA694-C3AE-5A53-DCF9-50713103AFF9}.Release|Any CPU.Build.0 = Release|Any CPU
		{237A742A-481F-A3EE-E031-3AF2931FE25D}.Debug|Any CPU.ActiveCfg = Debug|Any CPU
		{237A742A-481F-A3EE-E031-3AF2931FE25D}.Debug|Any CPU.Build.0 = Debug|Any CPU
		{237A742A-481F-A3EE-E031-3AF2931FE25D}.Release|Any CPU.ActiveCfg = Release|Any CPU
		{237A742A-481F-A3EE-E031-3AF2931FE25D}.Release|Any CPU.Build.0 = Release|Any CPU
		{E194FBE8-AD69-51A5-77CB-53219F37B32B}.Debug|Any CPU.ActiveCfg = Debug|Any CPU
		{E194FBE8-AD69-51A5-77CB-53219F37B32B}.Debug|Any CPU.Build.0 = Debug|Any CPU
		{E194FBE8-AD69-51A5-77CB-53219F37B32B}.Release|Any CPU.ActiveCfg = Release|Any CPU
		{E194FBE8-AD69-51A5-77CB-53219F37B32B}.Release|Any CPU.Build.0 = Release|Any CPU
		{05230581-9351-40E9-3836-1C8C511E8DD3}.Debug|Any CPU.ActiveCfg = Debug|Any CPU
		{05230581-9351-40E9-3836-1C8C511E8DD3}.Debug|Any CPU.Build.0 = Debug|Any CPU
		{05230581-9351-40E9-3836-1C8C511E8DD3}.Release|Any CPU.ActiveCfg = Release|Any CPU
		{05230581-9351-40E9-3836-1C8C511E8DD3}.Release|Any CPU.Build.0 = Release|Any CPU
		{BC46C828-513D-FE17-F81C-CB4E5F21CFAB}.Debug|Any CPU.ActiveCfg = Debug|Any CPU
		{BC46C828-513D-FE17-F81C-CB4E5F21CFAB}.Debug|Any CPU.Build.0 = Debug|Any CPU
		{BC46C828-513D-FE17-F81C-CB4E5F21CFAB}.Release|Any CPU.ActiveCfg = Release|Any CPU
		{BC46C828-513D-FE17-F81C-CB4E5F21CFAB}.Release|Any CPU.Build.0 = Release|Any CPU
		{C420EB9F-33C6-E443-D541-EC78A438E739}.Debug|Any CPU.ActiveCfg = Debug|Any CPU
		{C420EB9F-33C6-E443-D541-EC78A438E739}.Debug|Any CPU.Build.0 = Debug|Any CPU
		{C420EB9F-33C6-E443-D541-EC78A438E739}.Release|Any CPU.ActiveCfg = Release|Any CPU
		{C420EB9F-33C6-E443-D541-EC78A438E739}.Release|Any CPU.Build.0 = Release|Any CPU
		{EDFE754B-0AFD-5240-5805-13EDD8C5359E}.Debug|Any CPU.ActiveCfg = Debug|Any CPU
		{EDFE754B-0AFD-5240-5805-13EDD8C5359E}.Debug|Any CPU.Build.0 = Debug|Any CPU
		{EDFE754B-0AFD-5240-5805-13EDD8C5359E}.Release|Any CPU.ActiveCfg = Release|Any CPU
		{EDFE754B-0AFD-5240-5805-13EDD8C5359E}.Release|Any CPU.Build.0 = Release|Any CPU
		{7BEBD14A-E71F-1C7A-FBC6-8944BD1E936E}.Debug|Any CPU.ActiveCfg = Debug|Any CPU
		{7BEBD14A-E71F-1C7A-FBC6-8944BD1E936E}.Debug|Any CPU.Build.0 = Debug|Any CPU
		{7BEBD14A-E71F-1C7A-FBC6-8944BD1E936E}.Release|Any CPU.ActiveCfg = Release|Any CPU
		{7BEBD14A-E71F-1C7A-FBC6-8944BD1E936E}.Release|Any CPU.Build.0 = Release|Any CPU
		{36E21B30-3B82-7629-9572-A99A2DE8613E}.Debug|Any CPU.ActiveCfg = Debug|Any CPU
		{36E21B30-3B82-7629-9572-A99A2DE8613E}.Debug|Any CPU.Build.0 = Debug|Any CPU
		{36E21B30-3B82-7629-9572-A99A2DE8613E}.Release|Any CPU.ActiveCfg = Release|Any CPU
		{36E21B30-3B82-7629-9572-A99A2DE8613E}.Release|Any CPU.Build.0 = Release|Any CPU
		{3BCB4DB6-CC61-55C6-5350-52B2CA08AD5D}.Debug|Any CPU.ActiveCfg = Debug|Any CPU
		{3BCB4DB6-CC61-55C6-5350-52B2CA08AD5D}.Debug|Any CPU.Build.0 = Debug|Any CPU
		{3BCB4DB6-CC61-55C6-5350-52B2CA08AD5D}.Release|Any CPU.ActiveCfg = Release|Any CPU
		{3BCB4DB6-CC61-55C6-5350-52B2CA08AD5D}.Release|Any CPU.Build.0 = Release|Any CPU
		{B0F2992E-C0BD-DF8F-318B-340531F3A69B}.Debug|Any CPU.ActiveCfg = Debug|Any CPU
		{B0F2992E-C0BD-DF8F-318B-340531F3A69B}.Debug|Any CPU.Build.0 = Debug|Any CPU
		{B0F2992E-C0BD-DF8F-318B-340531F3A69B}.Release|Any CPU.ActiveCfg = Release|Any CPU
		{B0F2992E-C0BD-DF8F-318B-340531F3A69B}.Release|Any CPU.Build.0 = Release|Any CPU
		{2AA2BA3E-A7FD-1DAB-67FA-F8C3525F2FB7}.Debug|Any CPU.ActiveCfg = Debug|Any CPU
		{2AA2BA3E-A7FD-1DAB-67FA-F8C3525F2FB7}.Debug|Any CPU.Build.0 = Debug|Any CPU
		{2AA2BA3E-A7FD-1DAB-67FA-F8C3525F2FB7}.Release|Any CPU.ActiveCfg = Release|Any CPU
		{2AA2BA3E-A7FD-1DAB-67FA-F8C3525F2FB7}.Release|Any CPU.Build.0 = Release|Any CPU
		{FDE39A0D-CF9D-1A26-687A-CB92DD70BAC7}.Debug|Any CPU.ActiveCfg = Debug|Any CPU
		{FDE39A0D-CF9D-1A26-687A-CB92DD70BAC7}.Debug|Any CPU.Build.0 = Debug|Any CPU
		{FDE39A0D-CF9D-1A26-687A-CB92DD70BAC7}.Release|Any CPU.ActiveCfg = Release|Any CPU
		{FDE39A0D-CF9D-1A26-687A-CB92DD70BAC7}.Release|Any CPU.Build.0 = Release|Any CPU
		{FAA639E7-D020-CC41-FD50-3A5DC2AB50B7}.Debug|Any CPU.ActiveCfg = Debug|Any CPU
		{FAA639E7-D020-CC41-FD50-3A5DC2AB50B7}.Debug|Any CPU.Build.0 = Debug|Any CPU
		{FAA639E7-D020-CC41-FD50-3A5DC2AB50B7}.Release|Any CPU.ActiveCfg = Release|Any CPU
		{FAA639E7-D020-CC41-FD50-3A5DC2AB50B7}.Release|Any CPU.Build.0 = Release|Any CPU
		{5E1C4A2D-D377-E149-2D65-C2587695ECFE}.Debug|Any CPU.ActiveCfg = Debug|Any CPU
		{5E1C4A2D-D377-E149-2D65-C2587695ECFE}.Debug|Any CPU.Build.0 = Debug|Any CPU
		{5E1C4A2D-D377-E149-2D65-C2587695ECFE}.Release|Any CPU.ActiveCfg = Release|Any CPU
		{5E1C4A2D-D377-E149-2D65-C2587695ECFE}.Release|Any CPU.Build.0 = Release|Any CPU
		{5E29C620-2293-D687-DAD2-056073839E76}.Debug|Any CPU.ActiveCfg = Debug|Any CPU
		{5E29C620-2293-D687-DAD2-056073839E76}.Debug|Any CPU.Build.0 = Debug|Any CPU
		{5E29C620-2293-D687-DAD2-056073839E76}.Release|Any CPU.ActiveCfg = Release|Any CPU
		{5E29C620-2293-D687-DAD2-056073839E76}.Release|Any CPU.Build.0 = Release|Any CPU
		{67A04BC6-9B02-B5DD-60C4-5A4007D4E494}.Debug|Any CPU.ActiveCfg = Debug|Any CPU
		{67A04BC6-9B02-B5DD-60C4-5A4007D4E494}.Debug|Any CPU.Build.0 = Debug|Any CPU
		{67A04BC6-9B02-B5DD-60C4-5A4007D4E494}.Release|Any CPU.ActiveCfg = Release|Any CPU
		{67A04BC6-9B02-B5DD-60C4-5A4007D4E494}.Release|Any CPU.Build.0 = Release|Any CPU
		{55A9CF76-114F-E205-3A0E-7F18230C1FFA}.Debug|Any CPU.ActiveCfg = Debug|Any CPU
		{55A9CF76-114F-E205-3A0E-7F18230C1FFA}.Debug|Any CPU.Build.0 = Debug|Any CPU
		{55A9CF76-114F-E205-3A0E-7F18230C1FFA}.Release|Any CPU.ActiveCfg = Release|Any CPU
		{55A9CF76-114F-E205-3A0E-7F18230C1FFA}.Release|Any CPU.Build.0 = Release|Any CPU
		{E53913E3-3E7C-2658-E142-30A3D6876FFE}.Debug|Any CPU.ActiveCfg = Debug|Any CPU
		{E53913E3-3E7C-2658-E142-30A3D6876FFE}.Debug|Any CPU.Build.0 = Debug|Any CPU
		{E53913E3-3E7C-2658-E142-30A3D6876FFE}.Release|Any CPU.ActiveCfg = Release|Any CPU
		{E53913E3-3E7C-2658-E142-30A3D6876FFE}.Release|Any CPU.Build.0 = Release|Any CPU
		{1BF19A26-44ED-A6D7-AEED-1D8BCDCEF6C1}.Debug|Any CPU.ActiveCfg = Debug|Any CPU
		{1BF19A26-44ED-A6D7-AEED-1D8BCDCEF6C1}.Debug|Any CPU.Build.0 = Debug|Any CPU
		{1BF19A26-44ED-A6D7-AEED-1D8BCDCEF6C1}.Release|Any CPU.ActiveCfg = Release|Any CPU
		{1BF19A26-44ED-A6D7-AEED-1D8BCDCEF6C1}.Release|Any CPU.Build.0 = Release|Any CPU
		{CDD7D791-9490-4200-E4A1-B09B560AEEFB}.Debug|Any CPU.ActiveCfg = Debug|Any CPU
		{CDD7D791-9490-4200-E4A1-B09B560AEEFB}.Debug|Any CPU.Build.0 = Debug|Any CPU
		{CDD7D791-9490-4200-E4A1-B09B560AEEFB}.Release|Any CPU.ActiveCfg = Release|Any CPU
		{CDD7D791-9490-4200-E4A1-B09B560AEEFB}.Release|Any CPU.Build.0 = Release|Any CPU
		{7D6E4BCB-1FA4-4562-E566-53773320CC27}.Debug|Any CPU.ActiveCfg = Debug|Any CPU
		{7D6E4BCB-1FA4-4562-E566-53773320CC27}.Debug|Any CPU.Build.0 = Debug|Any CPU
		{7D6E4BCB-1FA4-4562-E566-53773320CC27}.Release|Any CPU.ActiveCfg = Release|Any CPU
		{7D6E4BCB-1FA4-4562-E566-53773320CC27}.Release|Any CPU.Build.0 = Release|Any CPU
		{81A5CE78-8237-0FEE-0AF0-D94511ACA727}.Debug|Any CPU.ActiveCfg = Debug|Any CPU
		{81A5CE78-8237-0FEE-0AF0-D94511ACA727}.Debug|Any CPU.Build.0 = Debug|Any CPU
		{81A5CE78-8237-0FEE-0AF0-D94511ACA727}.Release|Any CPU.ActiveCfg = Release|Any CPU
		{81A5CE78-8237-0FEE-0AF0-D94511ACA727}.Release|Any CPU.Build.0 = Release|Any CPU
		{7E94C345-FE0A-E643-F1F7-1F16B3AD6280}.Debug|Any CPU.ActiveCfg = Debug|Any CPU
		{7E94C345-FE0A-E643-F1F7-1F16B3AD6280}.Debug|Any CPU.Build.0 = Debug|Any CPU
		{7E94C345-FE0A-E643-F1F7-1F16B3AD6280}.Release|Any CPU.ActiveCfg = Release|Any CPU
		{7E94C345-FE0A-E643-F1F7-1F16B3AD6280}.Release|Any CPU.Build.0 = Release|Any CPU
		{439A8B82-9B09-816A-7648-F619F7105002}.Debug|Any CPU.ActiveCfg = Debug|Any CPU
		{439A8B82-9B09-816A-7648-F619F7105002}.Debug|Any CPU.Build.0 = Debug|Any CPU
		{439A8B82-9B09-816A-7648-F619F7105002}.Release|Any CPU.ActiveCfg = Release|Any CPU
		{439A8B82-9B09-816A-7648-F619F7105002}.Release|Any CPU.Build.0 = Release|Any CPU
		{834B6FD5-C905-5B57-D0CB-7A9C2AB267F5}.Debug|Any CPU.ActiveCfg = Debug|Any CPU
		{834B6FD5-C905-5B57-D0CB-7A9C2AB267F5}.Debug|Any CPU.Build.0 = Debug|Any CPU
		{834B6FD5-C905-5B57-D0CB-7A9C2AB267F5}.Release|Any CPU.ActiveCfg = Release|Any CPU
		{834B6FD5-C905-5B57-D0CB-7A9C2AB267F5}.Release|Any CPU.Build.0 = Release|Any CPU
		{1CE77991-C9FE-3C2B-C927-1038A9E2B28B}.Debug|Any CPU.ActiveCfg = Debug|Any CPU
		{1CE77991-C9FE-3C2B-C927-1038A9E2B28B}.Debug|Any CPU.Build.0 = Debug|Any CPU
		{1CE77991-C9FE-3C2B-C927-1038A9E2B28B}.Release|Any CPU.ActiveCfg = Release|Any CPU
		{1CE77991-C9FE-3C2B-C927-1038A9E2B28B}.Release|Any CPU.Build.0 = Release|Any CPU
		{D32EF64F-201C-483E-C2C6-C9EC60C8CFE3}.Debug|Any CPU.ActiveCfg = Debug|Any CPU
		{D32EF64F-201C-483E-C2C6-C9EC60C8CFE3}.Debug|Any CPU.Build.0 = Debug|Any CPU
		{D32EF64F-201C-483E-C2C6-C9EC60C8CFE3}.Release|Any CPU.ActiveCfg = Release|Any CPU
		{D32EF64F-201C-483E-C2C6-C9EC60C8CFE3}.Release|Any CPU.Build.0 = Release|Any CPU
		{271AA278-EF20-F165-D91A-40C542863E26}.Debug|Any CPU.ActiveCfg = Debug|Any CPU
		{271AA278-EF20-F165-D91A-40C542863E26}.Debug|Any CPU.Build.0 = Debug|Any CPU
		{271AA278-EF20-F165-D91A-40C542863E26}.Release|Any CPU.ActiveCfg = Release|Any CPU
		{271AA278-EF20-F165-D91A-40C542863E26}.Release|Any CPU.Build.0 = Release|Any CPU
		{27F51362-2C6E-38E4-B54E-DB72F79B0CC7}.Debug|Any CPU.ActiveCfg = Debug|Any CPU
		{27F51362-2C6E-38E4-B54E-DB72F79B0CC7}.Debug|Any CPU.Build.0 = Debug|Any CPU
		{27F51362-2C6E-38E4-B54E-DB72F79B0CC7}.Release|Any CPU.ActiveCfg = Release|Any CPU
		{27F51362-2C6E-38E4-B54E-DB72F79B0CC7}.Release|Any CPU.Build.0 = Release|Any CPU
	EndGlobalSection
	GlobalSection(SolutionProperties) = preSolution
		HideSolutionNode = FALSE
	EndGlobalSection
EndGlobal
