
Microsoft Visual Studio Solution File, Format Version 12.00
# Visual Studio 15
Project("{FAE04EC0-301F-11D3-BF4B-00C04F79EFBC}") = "LeapMotion", "LeapMotion.csproj", "{0E843E76-CE77-70D5-3AD0-AD3B5C9213E3}"
EndProject
Project("{FAE04EC0-301F-11D3-BF4B-00C04F79EFBC}") = "UnityEngine.TestRunner", "UnityEngine.TestRunner.csproj", "{D5EE4D6C-9EEA-B87F-9135-5C0328C50151}"
EndProject
Project("{FAE04EC0-301F-11D3-BF4B-00C04F79EFBC}") = "UnityEngine.UI", "UnityEngine.UI.csproj", "{7E8E635D-88F4-8A01-A048-FC443E111F18}"
EndProject
Project("{FAE04EC0-301F-11D3-BF4B-00C04F79EFBC}") = "Unity.VisualScripting.Flow", "Unity.VisualScripting.Flow.csproj", "{6D927FA8-77DA-570A-C419-80379A9AC107}"
EndProject
Project("{FAE04EC0-301F-11D3-BF4B-00C04F79EFBC}") = "Unity.VisualScripting.State", "Unity.VisualScripting.State.csproj", "{BC4C9AE6-2F5E-EDEB-991F-E0B66D4E157A}"
EndProject
Project("{FAE04EC0-301F-11D3-BF4B-00C04F79EFBC}") = "Unity.VisualScripting.Core", "Unity.VisualScripting.Core.csproj", "{8E936780-9EB6-CB59-DCC6-011C697142E5}"
EndProject
Project("{FAE04EC0-301F-11D3-BF4B-00C04F79EFBC}") = "LeapMotion.LeapCSharp", "LeapMotion.LeapCSharp.csproj", "{2B581204-D431-9600-B46E-D1BCE6887DD8}"
EndProject
Project("{FAE04EC0-301F-11D3-BF4B-00C04F79EFBC}") = "Assembly-CSharp", "Assembly-CSharp.csproj", "{7D5A7600-6B95-453A-681D-DD44F6F6FD15}"
EndProject
Project("{FAE04EC0-301F-11D3-BF4B-00C04F79EFBC}") = "Unity.TextMeshPro", "Unity.TextMeshPro.csproj", "{710867CC-4BC2-AFC2-20B2-927BA3398756}"
EndProject
Project("{FAE04EC0-301F-11D3-BF4B-00C04F79EFBC}") = "Unity.Timeline", "Unity.Timeline.csproj", "{3218758E-9F53-97DA-D430-DE9C2AB59804}"
EndProject
Project("{FAE04EC0-301F-11D3-BF4B-00C04F79EFBC}") = "Assembly-CSharp-firstpass", "Assembly-CSharp-firstpass.csproj", "{61BADE1B-B79B-77AF-0FB7-D51C5A534885}"
EndProject
Project("{FAE04EC0-301F-11D3-BF4B-00C04F79EFBC}") = "Unity.PlasticSCM.Editor", "Unity.PlasticSCM.Editor.csproj", "{3FC371B2-4A33-E361-0EE3-2A3F2D4B720A}"
EndProject
Project("{FAE04EC0-301F-11D3-BF4B-00C04F79EFBC}") = "Unity.VisualScripting.Core.Editor", "Unity.VisualScripting.Core.Editor.csproj", "{235193FC-D132-56EF-885F-9A58A1CDD983}"
EndProject
Project("{FAE04EC0-301F-11D3-BF4B-00C04F79EFBC}") = "Assembly-CSharp-Editor-firstpass", "Assembly-CSharp-Editor-firstpass.csproj", "{F2A58DD3-3830-D023-CC7E-04CB2249DF3F}"
EndProject
Project("{FAE04EC0-301F-11D3-BF4B-00C04F79EFBC}") = "Unity.VisualScripting.Flow.Editor", "Unity.VisualScripting.Flow.Editor.csproj", "{0FC05755-C27C-2A95-6C4B-45AEBBE66E25}"
EndProject
Project("{FAE04EC0-301F-11D3-BF4B-00C04F79EFBC}") = "Unity.VisualStudio.Editor", "Unity.VisualStudio.Editor.csproj", "{4DCF10D4-D75B-C984-FB58-48610D2CC7E5}"
EndProject
Project("{FAE04EC0-301F-11D3-BF4B-00C04F79EFBC}") = "Unity.Timeline.Editor", "Unity.Timeline.Editor.csproj", "{941131F2-AD0E-B2E7-BEF6-7A9FEBA7F7F9}"
EndProject
Project("{FAE04EC0-301F-11D3-BF4B-00C04F79EFBC}") = "Unity.VisualScripting.State.Editor", "Unity.VisualScripting.State.Editor.csproj", "{6F7C1947-7EDB-4F4E-4E43-5E7F88D72829}"
EndProject
Project("{FAE04EC0-301F-11D3-BF4B-00C04F79EFBC}") = "Unity.TextMeshPro.Editor", "Unity.TextMeshPro.Editor.csproj", "{22209CB6-5156-120F-73B2-02374B2606FD}"
EndProject
Project("{FAE04EC0-301F-11D3-BF4B-00C04F79EFBC}") = "Unity.VisualScripting.SettingsProvider.Editor", "Unity.VisualScripting.SettingsProvider.Editor.csproj", "{016BF49C-35D1-ABDB-5938-0AC25A0D1927}"
EndProject
Project("{FAE04EC0-301F-11D3-BF4B-00C04F79EFBC}") = "Unity.CollabProxy.Editor", "Unity.CollabProxy.Editor.csproj", "{65CB6527-C967-825E-E8A7-D2FB0CF257F8}"
EndProject
Project("{FAE04EC0-301F-11D3-BF4B-00C04F79EFBC}") = "UnityEditor.TestRunner", "UnityEditor.TestRunner.csproj", "{74E19770-7846-0A47-A312-33DAA5812B6B}"
EndProject
Project("{FAE04EC0-301F-11D3-BF4B-00C04F79EFBC}") = "Unity.TestTools.CodeCoverage.Editor", "Unity.TestTools.CodeCoverage.Editor.csproj", "{A123824E-6003-6C8B-6103-57177A8F4D34}"
EndProject
Project("{FAE04EC0-301F-11D3-BF4B-00C04F79EFBC}") = "Unity.Rider.Editor", "Unity.Rider.Editor.csproj", "{DAD33407-D35C-0AF6-552B-8F0AB23D68A2}"
EndProject
Project("{FAE04EC0-301F-11D3-BF4B-00C04F79EFBC}") = "Unity.Services.Core.Editor", "Unity.Services.Core.Editor.csproj", "{285D8E38-CCAE-28A7-70CD-F71712F1967D}"
EndProject
Project("{FAE04EC0-301F-11D3-BF4B-00C04F79EFBC}") = "Unity.Performance.Profile-Analyzer.Editor", "Unity.Performance.Profile-Analyzer.Editor.csproj", "{2A87B564-A884-76F9-FDCE-371626431530}"
EndProject
Project("{FAE04EC0-301F-11D3-BF4B-00C04F79EFBC}") = "Unity.VSCode.Editor", "Unity.VSCode.Editor.csproj", "{251116E4-A097-8A0E-CDD7-C629F8ADFACB}"
EndProject
Project("{FAE04EC0-301F-11D3-BF4B-00C04F79EFBC}") = "UnityEditor.UI", "UnityEditor.UI.csproj", "{910FA01C-1726-3582-AC50-614C0699D0F6}"
EndProject
Project("{FAE04EC0-301F-11D3-BF4B-00C04F79EFBC}") = "Unity.TestTools.CodeCoverage.Editor.OpenCover.Model", "Unity.TestTools.CodeCoverage.Editor.OpenCover.Model.csproj", "{5AFF1AC8-F34C-6F1D-44C4-CB64EEF309E0}"
EndProject
Project("{FAE04EC0-301F-11D3-BF4B-00C04F79EFBC}") = "Unity.EditorCoroutines.Editor", "Unity.EditorCoroutines.Editor.csproj", "{9F090927-6CAC-4F99-B697-64131CC982D3}"
EndProject
Project("{FAE04EC0-301F-11D3-BF4B-00C04F79EFBC}") = "Unity.Settings.Editor", "Unity.Settings.Editor.csproj", "{C2468662-846A-B3F3-33AA-CFE55DAD638B}"
EndProject
Project("{FAE04EC0-301F-11D3-BF4B-00C04F79EFBC}") = "Unity.TestTools.CodeCoverage.Editor.OpenCover.Mono.Reflection", "Unity.TestTools.CodeCoverage.Editor.OpenCover.Mono.Reflection.csproj", "{9B5F4720-2D50-240D-56C4-EA3CC06D4695}"
EndProject
Project("{FAE04EC0-301F-11D3-BF4B-00C04F79EFBC}") = "Unity.VisualScripting.Shared.Editor", "Unity.VisualScripting.Shared.Editor.csproj", "{68A4C239-3E29-0134-E698-9B0DC6B9ED5F}"
EndProject
Project("{FAE04EC0-301F-11D3-BF4B-00C04F79EFBC}") = "LeapMotion", "LeapMotion.Player.csproj", "{EBA60677-9255-4059-5929-1F9021C47BD5}"
EndProject
Project("{FAE04EC0-301F-11D3-BF4B-00C04F79EFBC}") = "UnityEngine.TestRunner", "UnityEngine.TestRunner.Player.csproj", "{FE650213-EA6D-5A92-685F-C0EB4B71D982}"
EndProject
Project("{FAE04EC0-301F-11D3-BF4B-00C04F79EFBC}") = "UnityEngine.UI", "UnityEngine.UI.Player.csproj", "{A2589B05-7712-9E6A-D592-2557D3C3119E}"
EndProject
Project("{FAE04EC0-301F-11D3-BF4B-00C04F79EFBC}") = "Unity.VisualScripting.Flow", "Unity.VisualScripting.Flow.Player.csproj", "{11D0690A-3A00-F3C4-BE3D-B514B5F09FBB}"
EndProject
Project("{FAE04EC0-301F-11D3-BF4B-00C04F79EFBC}") = "Unity.VisualScripting.State", "Unity.VisualScripting.State.Player.csproj", "{09CDD170-4917-12A6-E245-409E2250B535}"
EndProject
Project("{FAE04EC0-301F-11D3-BF4B-00C04F79EFBC}") = "Unity.VisualScripting.Core", "Unity.VisualScripting.Core.Player.csproj", "{1061BC19-189A-29F7-BB07-F1F9FECAE707}"
EndProject
Project("{FAE04EC0-301F-11D3-BF4B-00C04F79EFBC}") = "LeapMotion.LeapCSharp", "LeapMotion.LeapCSharp.Player.csproj", "{BAF62E6A-4DD4-2BDD-1559-D94FB825DE03}"
EndProject
Project("{FAE04EC0-301F-11D3-BF4B-00C04F79EFBC}") = "Assembly-CSharp", "Assembly-CSharp.Player.csproj", "{231F8B2F-ACF9-FE5E-8DD0-2AE2B61AE4CD}"
EndProject
Project("{FAE04EC0-301F-11D3-BF4B-00C04F79EFBC}") = "Unity.TextMeshPro", "Unity.TextMeshPro.Player.csproj", "{C83F02C9-FF58-44BA-947A-59762A6456C8}"
EndProject
Project("{FAE04EC0-301F-11D3-BF4B-00C04F79EFBC}") = "Unity.Timeline", "Unity.Timeline.Player.csproj", "{986FD8AF-4337-664F-4B94-387F1F8304C9}"
EndProject
Project("{FAE04EC0-301F-11D3-BF4B-00C04F79EFBC}") = "Assembly-CSharp-firstpass", "Assembly-CSharp-firstpass.Player.csproj", "{7A776F26-F6FB-BF0B-00A2-1BC305BBE3FF}"
EndProject
Global
	GlobalSection(SolutionConfigurationPlatforms) = preSolution
		Debug|Any CPU = Debug|Any CPU
		Release|Any CPU = Release|Any CPU
	EndGlobalSection
	GlobalSection(ProjectConfigurationPlatforms) = postSolution
		{0E843E76-CE77-70D5-3AD0-AD3B5C9213E3}.Debug|Any CPU.ActiveCfg = Debug|Any CPU
		{0E843E76-CE77-70D5-3AD0-AD3B5C9213E3}.Debug|Any CPU.Build.0 = Debug|Any CPU
		{0E843E76-CE77-70D5-3AD0-AD3B5C9213E3}.Release|Any CPU.ActiveCfg = Release|Any CPU
		{0E843E76-CE77-70D5-3AD0-AD3B5C9213E3}.Release|Any CPU.Build.0 = Release|Any CPU
		{D5EE4D6C-9EEA-B87F-9135-5C0328C50151}.Debug|Any CPU.ActiveCfg = Debug|Any CPU
		{D5EE4D6C-9EEA-B87F-9135-5C0328C50151}.Debug|Any CPU.Build.0 = Debug|Any CPU
		{D5EE4D6C-9EEA-B87F-9135-5C0328C50151}.Release|Any CPU.ActiveCfg = Release|Any CPU
		{D5EE4D6C-9EEA-B87F-9135-5C0328C50151}.Release|Any CPU.Build.0 = Release|Any CPU
		{7E8E635D-88F4-8A01-A048-FC443E111F18}.Debug|Any CPU.ActiveCfg = Debug|Any CPU
		{7E8E635D-88F4-8A01-A048-FC443E111F18}.Debug|Any CPU.Build.0 = Debug|Any CPU
		{7E8E635D-88F4-8A01-A048-FC443E111F18}.Release|Any CPU.ActiveCfg = Release|Any CPU
		{7E8E635D-88F4-8A01-A048-FC443E111F18}.Release|Any CPU.Build.0 = Release|Any CPU
		{6D927FA8-77DA-570A-C419-80379A9AC107}.Debug|Any CPU.ActiveCfg = Debug|Any CPU
		{6D927FA8-77DA-570A-C419-80379A9AC107}.Debug|Any CPU.Build.0 = Debug|Any CPU
		{6D927FA8-77DA-570A-C419-80379A9AC107}.Release|Any CPU.ActiveCfg = Release|Any CPU
		{6D927FA8-77DA-570A-C419-80379A9AC107}.Release|Any CPU.Build.0 = Release|Any CPU
		{BC4C9AE6-2F5E-EDEB-991F-E0B66D4E157A}.Debug|Any CPU.ActiveCfg = Debug|Any CPU
		{BC4C9AE6-2F5E-EDEB-991F-E0B66D4E157A}.Debug|Any CPU.Build.0 = Debug|Any CPU
		{BC4C9AE6-2F5E-EDEB-991F-E0B66D4E157A}.Release|Any CPU.ActiveCfg = Release|Any CPU
		{BC4C9AE6-2F5E-EDEB-991F-E0B66D4E157A}.Release|Any CPU.Build.0 = Release|Any CPU
		{8E936780-9EB6-CB59-DCC6-011C697142E5}.Debug|Any CPU.ActiveCfg = Debug|Any CPU
		{8E936780-9EB6-CB59-DCC6-011C697142E5}.Debug|Any CPU.Build.0 = Debug|Any CPU
		{8E936780-9EB6-CB59-DCC6-011C697142E5}.Release|Any CPU.ActiveCfg = Release|Any CPU
		{8E936780-9EB6-CB59-DCC6-011C697142E5}.Release|Any CPU.Build.0 = Release|Any CPU
		{2B581204-D431-9600-B46E-D1BCE6887DD8}.Debug|Any CPU.ActiveCfg = Debug|Any CPU
		{2B581204-D431-9600-B46E-D1BCE6887DD8}.Debug|Any CPU.Build.0 = Debug|Any CPU
		{2B581204-D431-9600-B46E-D1BCE6887DD8}.Release|Any CPU.ActiveCfg = Release|Any CPU
		{2B581204-D431-9600-B46E-D1BCE6887DD8}.Release|Any CPU.Build.0 = Release|Any CPU
		{7D5A7600-6B95-453A-681D-DD44F6F6FD15}.Debug|Any CPU.ActiveCfg = Debug|Any CPU
		{7D5A7600-6B95-453A-681D-DD44F6F6FD15}.Debug|Any CPU.Build.0 = Debug|Any CPU
		{7D5A7600-6B95-453A-681D-DD44F6F6FD15}.Release|Any CPU.ActiveCfg = Release|Any CPU
		{7D5A7600-6B95-453A-681D-DD44F6F6FD15}.Release|Any CPU.Build.0 = Release|Any CPU
		{710867CC-4BC2-AFC2-20B2-927BA3398756}.Debug|Any CPU.ActiveCfg = Debug|Any CPU
		{710867CC-4BC2-AFC2-20B2-927BA3398756}.Debug|Any CPU.Build.0 = Debug|Any CPU
		{710867CC-4BC2-AFC2-20B2-927BA3398756}.Release|Any CPU.ActiveCfg = Release|Any CPU
		{710867CC-4BC2-AFC2-20B2-927BA3398756}.Release|Any CPU.Build.0 = Release|Any CPU
		{3218758E-9F53-97DA-D430-DE9C2AB59804}.Debug|Any CPU.ActiveCfg = Debug|Any CPU
		{3218758E-9F53-97DA-D430-DE9C2AB59804}.Debug|Any CPU.Build.0 = Debug|Any CPU
		{3218758E-9F53-97DA-D430-DE9C2AB59804}.Release|Any CPU.ActiveCfg = Release|Any CPU
		{3218758E-9F53-97DA-D430-DE9C2AB59804}.Release|Any CPU.Build.0 = Release|Any CPU
		{61BADE1B-B79B-77AF-0FB7-D51C5A534885}.Debug|Any CPU.ActiveCfg = Debug|Any CPU
		{61BADE1B-B79B-77AF-0FB7-D51C5A534885}.Debug|Any CPU.Build.0 = Debug|Any CPU
		{61BADE1B-B79B-77AF-0FB7-D51C5A534885}.Release|Any CPU.ActiveCfg = Release|Any CPU
		{61BADE1B-B79B-77AF-0FB7-D51C5A534885}.Release|Any CPU.Build.0 = Release|Any CPU
		{3FC371B2-4A33-E361-0EE3-2A3F2D4B720A}.Debug|Any CPU.ActiveCfg = Debug|Any CPU
		{3FC371B2-4A33-E361-0EE3-2A3F2D4B720A}.Debug|Any CPU.Build.0 = Debug|Any CPU
		{3FC371B2-4A33-E361-0EE3-2A3F2D4B720A}.Release|Any CPU.ActiveCfg = Release|Any CPU
		{3FC371B2-4A33-E361-0EE3-2A3F2D4B720A}.Release|Any CPU.Build.0 = Release|Any CPU
		{235193FC-D132-56EF-885F-9A58A1CDD983}.Debug|Any CPU.ActiveCfg = Debug|Any CPU
		{235193FC-D132-56EF-885F-9A58A1CDD983}.Debug|Any CPU.Build.0 = Debug|Any CPU
		{235193FC-D132-56EF-885F-9A58A1CDD983}.Release|Any CPU.ActiveCfg = Release|Any CPU
		{235193FC-D132-56EF-885F-9A58A1CDD983}.Release|Any CPU.Build.0 = Release|Any CPU
		{F2A58DD3-3830-D023-CC7E-04CB2249DF3F}.Debug|Any CPU.ActiveCfg = Debug|Any CPU
		{F2A58DD3-3830-D023-CC7E-04CB2249DF3F}.Debug|Any CPU.Build.0 = Debug|Any CPU
		{F2A58DD3-3830-D023-CC7E-04CB2249DF3F}.Release|Any CPU.ActiveCfg = Release|Any CPU
		{F2A58DD3-3830-D023-CC7E-04CB2249DF3F}.Release|Any CPU.Build.0 = Release|Any CPU
		{0FC05755-C27C-2A95-6C4B-45AEBBE66E25}.Debug|Any CPU.ActiveCfg = Debug|Any CPU
		{0FC05755-C27C-2A95-6C4B-45AEBBE66E25}.Debug|Any CPU.Build.0 = Debug|Any CPU
		{0FC05755-C27C-2A95-6C4B-45AEBBE66E25}.Release|Any CPU.ActiveCfg = Release|Any CPU
		{0FC05755-C27C-2A95-6C4B-45AEBBE66E25}.Release|Any CPU.Build.0 = Release|Any CPU
		{4DCF10D4-D75B-C984-FB58-48610D2CC7E5}.Debug|Any CPU.ActiveCfg = Debug|Any CPU
		{4DCF10D4-D75B-C984-FB58-48610D2CC7E5}.Debug|Any CPU.Build.0 = Debug|Any CPU
		{4DCF10D4-D75B-C984-FB58-48610D2CC7E5}.Release|Any CPU.ActiveCfg = Release|Any CPU
		{4DCF10D4-D75B-C984-FB58-48610D2CC7E5}.Release|Any CPU.Build.0 = Release|Any CPU
		{941131F2-AD0E-B2E7-BEF6-7A9FEBA7F7F9}.Debug|Any CPU.ActiveCfg = Debug|Any CPU
		{941131F2-AD0E-B2E7-BEF6-7A9FEBA7F7F9}.Debug|Any CPU.Build.0 = Debug|Any CPU
		{941131F2-AD0E-B2E7-BEF6-7A9FEBA7F7F9}.Release|Any CPU.ActiveCfg = Release|Any CPU
		{941131F2-AD0E-B2E7-BEF6-7A9FEBA7F7F9}.Release|Any CPU.Build.0 = Release|Any CPU
		{6F7C1947-7EDB-4F4E-4E43-5E7F88D72829}.Debug|Any CPU.ActiveCfg = Debug|Any CPU
		{6F7C1947-7EDB-4F4E-4E43-5E7F88D72829}.Debug|Any CPU.Build.0 = Debug|Any CPU
		{6F7C1947-7EDB-4F4E-4E43-5E7F88D72829}.Release|Any CPU.ActiveCfg = Release|Any CPU
		{6F7C1947-7EDB-4F4E-4E43-5E7F88D72829}.Release|Any CPU.Build.0 = Release|Any CPU
		{22209CB6-5156-120F-73B2-02374B2606FD}.Debug|Any CPU.ActiveCfg = Debug|Any CPU
		{22209CB6-5156-120F-73B2-02374B2606FD}.Debug|Any CPU.Build.0 = Debug|Any CPU
		{22209CB6-5156-120F-73B2-02374B2606FD}.Release|Any CPU.ActiveCfg = Release|Any CPU
		{22209CB6-5156-120F-73B2-02374B2606FD}.Release|Any CPU.Build.0 = Release|Any CPU
		{016BF49C-35D1-ABDB-5938-0AC25A0D1927}.Debug|Any CPU.ActiveCfg = Debug|Any CPU
		{016BF49C-35D1-ABDB-5938-0AC25A0D1927}.Debug|Any CPU.Build.0 = Debug|Any CPU
		{016BF49C-35D1-ABDB-5938-0AC25A0D1927}.Release|Any CPU.ActiveCfg = Release|Any CPU
		{016BF49C-35D1-ABDB-5938-0AC25A0D1927}.Release|Any CPU.Build.0 = Release|Any CPU
		{65CB6527-C967-825E-E8A7-D2FB0CF257F8}.Debug|Any CPU.ActiveCfg = Debug|Any CPU
		{65CB6527-C967-825E-E8A7-D2FB0CF257F8}.Debug|Any CPU.Build.0 = Debug|Any CPU
		{65CB6527-C967-825E-E8A7-D2FB0CF257F8}.Release|Any CPU.ActiveCfg = Release|Any CPU
		{65CB6527-C967-825E-E8A7-D2FB0CF257F8}.Release|Any CPU.Build.0 = Release|Any CPU
		{74E19770-7846-0A47-A312-33DAA5812B6B}.Debug|Any CPU.ActiveCfg = Debug|Any CPU
		{74E19770-7846-0A47-A312-33DAA5812B6B}.Debug|Any CPU.Build.0 = Debug|Any CPU
		{74E19770-7846-0A47-A312-33DAA5812B6B}.Release|Any CPU.ActiveCfg = Release|Any CPU
		{74E19770-7846-0A47-A312-33DAA5812B6B}.Release|Any CPU.Build.0 = Release|Any CPU
		{A123824E-6003-6C8B-6103-57177A8F4D34}.Debug|Any CPU.ActiveCfg = Debug|Any CPU
		{A123824E-6003-6C8B-6103-57177A8F4D34}.Debug|Any CPU.Build.0 = Debug|Any CPU
		{A123824E-6003-6C8B-6103-57177A8F4D34}.Release|Any CPU.ActiveCfg = Release|Any CPU
		{A123824E-6003-6C8B-6103-57177A8F4D34}.Release|Any CPU.Build.0 = Release|Any CPU
		{DAD33407-D35C-0AF6-552B-8F0AB23D68A2}.Debug|Any CPU.ActiveCfg = Debug|Any CPU
		{DAD33407-D35C-0AF6-552B-8F0AB23D68A2}.Debug|Any CPU.Build.0 = Debug|Any CPU
		{DAD33407-D35C-0AF6-552B-8F0AB23D68A2}.Release|Any CPU.ActiveCfg = Release|Any CPU
		{DAD33407-D35C-0AF6-552B-8F0AB23D68A2}.Release|Any CPU.Build.0 = Release|Any CPU
		{285D8E38-CCAE-28A7-70CD-F71712F1967D}.Debug|Any CPU.ActiveCfg = Debug|Any CPU
		{285D8E38-CCAE-28A7-70CD-F71712F1967D}.Debug|Any CPU.Build.0 = Debug|Any CPU
		{285D8E38-CCAE-28A7-70CD-F71712F1967D}.Release|Any CPU.ActiveCfg = Release|Any CPU
		{285D8E38-CCAE-28A7-70CD-F71712F1967D}.Release|Any CPU.Build.0 = Release|Any CPU
		{2A87B564-A884-76F9-FDCE-371626431530}.Debug|Any CPU.ActiveCfg = Debug|Any CPU
		{2A87B564-A884-76F9-FDCE-371626431530}.Debug|Any CPU.Build.0 = Debug|Any CPU
		{2A87B564-A884-76F9-FDCE-371626431530}.Release|Any CPU.ActiveCfg = Release|Any CPU
		{2A87B564-A884-76F9-FDCE-371626431530}.Release|Any CPU.Build.0 = Release|Any CPU
		{251116E4-A097-8A0E-CDD7-C629F8ADFACB}.Debug|Any CPU.ActiveCfg = Debug|Any CPU
		{251116E4-A097-8A0E-CDD7-C629F8ADFACB}.Debug|Any CPU.Build.0 = Debug|Any CPU
		{251116E4-A097-8A0E-CDD7-C629F8ADFACB}.Release|Any CPU.ActiveCfg = Release|Any CPU
		{251116E4-A097-8A0E-CDD7-C629F8ADFACB}.Release|Any CPU.Build.0 = Release|Any CPU
		{910FA01C-1726-3582-AC50-614C0699D0F6}.Debug|Any CPU.ActiveCfg = Debug|Any CPU
		{910FA01C-1726-3582-AC50-614C0699D0F6}.Debug|Any CPU.Build.0 = Debug|Any CPU
		{910FA01C-1726-3582-AC50-614C0699D0F6}.Release|Any CPU.ActiveCfg = Release|Any CPU
		{910FA01C-1726-3582-AC50-614C0699D0F6}.Release|Any CPU.Build.0 = Release|Any CPU
		{5AFF1AC8-F34C-6F1D-44C4-CB64EEF309E0}.Debug|Any CPU.ActiveCfg = Debug|Any CPU
		{5AFF1AC8-F34C-6F1D-44C4-CB64EEF309E0}.Debug|Any CPU.Build.0 = Debug|Any CPU
		{5AFF1AC8-F34C-6F1D-44C4-CB64EEF309E0}.Release|Any CPU.ActiveCfg = Release|Any CPU
		{5AFF1AC8-F34C-6F1D-44C4-CB64EEF309E0}.Release|Any CPU.Build.0 = Release|Any CPU
		{9F090927-6CAC-4F99-B697-64131CC982D3}.Debug|Any CPU.ActiveCfg = Debug|Any CPU
		{9F090927-6CAC-4F99-B697-64131CC982D3}.Debug|Any CPU.Build.0 = Debug|Any CPU
		{9F090927-6CAC-4F99-B697-64131CC982D3}.Release|Any CPU.ActiveCfg = Release|Any CPU
		{9F090927-6CAC-4F99-B697-64131CC982D3}.Release|Any CPU.Build.0 = Release|Any CPU
		{C2468662-846A-B3F3-33AA-CFE55DAD638B}.Debug|Any CPU.ActiveCfg = Debug|Any CPU
		{C2468662-846A-B3F3-33AA-CFE55DAD638B}.Debug|Any CPU.Build.0 = Debug|Any CPU
		{C2468662-846A-B3F3-33AA-CFE55DAD638B}.Release|Any CPU.ActiveCfg = Release|Any CPU
		{C2468662-846A-B3F3-33AA-CFE55DAD638B}.Release|Any CPU.Build.0 = Release|Any CPU
		{9B5F4720-2D50-240D-56C4-EA3CC06D4695}.Debug|Any CPU.ActiveCfg = Debug|Any CPU
		{9B5F4720-2D50-240D-56C4-EA3CC06D4695}.Debug|Any CPU.Build.0 = Debug|Any CPU
		{9B5F4720-2D50-240D-56C4-EA3CC06D4695}.Release|Any CPU.ActiveCfg = Release|Any CPU
		{9B5F4720-2D50-240D-56C4-EA3CC06D4695}.Release|Any CPU.Build.0 = Release|Any CPU
		{68A4C239-3E29-0134-E698-9B0DC6B9ED5F}.Debug|Any CPU.ActiveCfg = Debug|Any CPU
		{68A4C239-3E29-0134-E698-9B0DC6B9ED5F}.Debug|Any CPU.Build.0 = Debug|Any CPU
		{68A4C239-3E29-0134-E698-9B0DC6B9ED5F}.Release|Any CPU.ActiveCfg = Release|Any CPU
		{68A4C239-3E29-0134-E698-9B0DC6B9ED5F}.Release|Any CPU.Build.0 = Release|Any CPU
		{EBA60677-9255-4059-5929-1F9021C47BD5}.Debug|Any CPU.ActiveCfg = Debug|Any CPU
		{EBA60677-9255-4059-5929-1F9021C47BD5}.Debug|Any CPU.Build.0 = Debug|Any CPU
		{EBA60677-9255-4059-5929-1F9021C47BD5}.Release|Any CPU.ActiveCfg = Release|Any CPU
		{EBA60677-9255-4059-5929-1F9021C47BD5}.Release|Any CPU.Build.0 = Release|Any CPU
		{FE650213-EA6D-5A92-685F-C0EB4B71D982}.Debug|Any CPU.ActiveCfg = Debug|Any CPU
		{FE650213-EA6D-5A92-685F-C0EB4B71D982}.Debug|Any CPU.Build.0 = Debug|Any CPU
		{FE650213-EA6D-5A92-685F-C0EB4B71D982}.Release|Any CPU.ActiveCfg = Release|Any CPU
		{FE650213-EA6D-5A92-685F-C0EB4B71D982}.Release|Any CPU.Build.0 = Release|Any CPU
		{A2589B05-7712-9E6A-D592-2557D3C3119E}.Debug|Any CPU.ActiveCfg = Debug|Any CPU
		{A2589B05-7712-9E6A-D592-2557D3C3119E}.Debug|Any CPU.Build.0 = Debug|Any CPU
		{A2589B05-7712-9E6A-D592-2557D3C3119E}.Release|Any CPU.ActiveCfg = Release|Any CPU
		{A2589B05-7712-9E6A-D592-2557D3C3119E}.Release|Any CPU.Build.0 = Release|Any CPU
		{11D0690A-3A00-F3C4-BE3D-B514B5F09FBB}.Debug|Any CPU.ActiveCfg = Debug|Any CPU
		{11D0690A-3A00-F3C4-BE3D-B514B5F09FBB}.Debug|Any CPU.Build.0 = Debug|Any CPU
		{11D0690A-3A00-F3C4-BE3D-B514B5F09FBB}.Release|Any CPU.ActiveCfg = Release|Any CPU
		{11D0690A-3A00-F3C4-BE3D-B514B5F09FBB}.Release|Any CPU.Build.0 = Release|Any CPU
		{09CDD170-4917-12A6-E245-409E2250B535}.Debug|Any CPU.ActiveCfg = Debug|Any CPU
		{09CDD170-4917-12A6-E245-409E2250B535}.Debug|Any CPU.Build.0 = Debug|Any CPU
		{09CDD170-4917-12A6-E245-409E2250B535}.Release|Any CPU.ActiveCfg = Release|Any CPU
		{09CDD170-4917-12A6-E245-409E2250B535}.Release|Any CPU.Build.0 = Release|Any CPU
		{1061BC19-189A-29F7-BB07-F1F9FECAE707}.Debug|Any CPU.ActiveCfg = Debug|Any CPU
		{1061BC19-189A-29F7-BB07-F1F9FECAE707}.Debug|Any CPU.Build.0 = Debug|Any CPU
		{1061BC19-189A-29F7-BB07-F1F9FECAE707}.Release|Any CPU.ActiveCfg = Release|Any CPU
		{1061BC19-189A-29F7-BB07-F1F9FECAE707}.Release|Any CPU.Build.0 = Release|Any CPU
		{BAF62E6A-4DD4-2BDD-1559-D94FB825DE03}.Debug|Any CPU.ActiveCfg = Debug|Any CPU
		{BAF62E6A-4DD4-2BDD-1559-D94FB825DE03}.Debug|Any CPU.Build.0 = Debug|Any CPU
		{BAF62E6A-4DD4-2BDD-1559-D94FB825DE03}.Release|Any CPU.ActiveCfg = Release|Any CPU
		{BAF62E6A-4DD4-2BDD-1559-D94FB825DE03}.Release|Any CPU.Build.0 = Release|Any CPU
		{231F8B2F-ACF9-FE5E-8DD0-2AE2B61AE4CD}.Debug|Any CPU.ActiveCfg = Debug|Any CPU
		{231F8B2F-ACF9-FE5E-8DD0-2AE2B61AE4CD}.Debug|Any CPU.Build.0 = Debug|Any CPU
		{231F8B2F-ACF9-FE5E-8DD0-2AE2B61AE4CD}.Release|Any CPU.ActiveCfg = Release|Any CPU
		{231F8B2F-ACF9-FE5E-8DD0-2AE2B61AE4CD}.Release|Any CPU.Build.0 = Release|Any CPU
		{C83F02C9-FF58-44BA-947A-59762A6456C8}.Debug|Any CPU.ActiveCfg = Debug|Any CPU
		{C83F02C9-FF58-44BA-947A-59762A6456C8}.Debug|Any CPU.Build.0 = Debug|Any CPU
		{C83F02C9-FF58-44BA-947A-59762A6456C8}.Release|Any CPU.ActiveCfg = Release|Any CPU
		{C83F02C9-FF58-44BA-947A-59762A6456C8}.Release|Any CPU.Build.0 = Release|Any CPU
		{986FD8AF-4337-664F-4B94-387F1F8304C9}.Debug|Any CPU.ActiveCfg = Debug|Any CPU
		{986FD8AF-4337-664F-4B94-387F1F8304C9}.Debug|Any CPU.Build.0 = Debug|Any CPU
		{986FD8AF-4337-664F-4B94-387F1F8304C9}.Release|Any CPU.ActiveCfg = Release|Any CPU
		{986FD8AF-4337-664F-4B94-387F1F8304C9}.Release|Any CPU.Build.0 = Release|Any CPU
		{7A776F26-F6FB-BF0B-00A2-1BC305BBE3FF}.Debug|Any CPU.ActiveCfg = Debug|Any CPU
		{7A776F26-F6FB-BF0B-00A2-1BC305BBE3FF}.Debug|Any CPU.Build.0 = Debug|Any CPU
		{7A776F26-F6FB-BF0B-00A2-1BC305BBE3FF}.Release|Any CPU.ActiveCfg = Release|Any CPU
		{7A776F26-F6FB-BF0B-00A2-1BC305BBE3FF}.Release|Any CPU.Build.0 = Release|Any CPU
	EndGlobalSection
	GlobalSection(SolutionProperties) = preSolution
		HideSolutionNode = FALSE
	EndGlobalSection
EndGlobal
