
Microsoft Visual Studio Solution File, Format Version 12.00
# Visual Studio 15
Project("{FAE04EC0-301F-11D3-BF4B-00C04F79EFBC}") = "Ultraleap.Tracking.Core", "Ultraleap.Tracking.Core.csproj", "{0D9DE5AF-1117-BA44-5E32-1EEF723ACDD7}"
EndProject
Project("{FAE04EC0-301F-11D3-BF4B-00C04F79EFBC}") = "UnityEngine.TestRunner", "UnityEngine.TestRunner.csproj", "{05851C06-29BA-1801-E317-5B2AD0946BE5}"
EndProject
Project("{FAE04EC0-301F-11D3-BF4B-00C04F79EFBC}") = "UnityEngine.UI", "UnityEngine.UI.csproj", "{AE71E447-3BAC-AEAF-EB7E-4F7A1AA95301}"
EndProject
Project("{FAE04EC0-301F-11D3-BF4B-00C04F79EFBC}") = "Unity.VisualScripting.Flow", "Unity.VisualScripting.Flow.csproj", "{D4F63DD8-9A75-B281-44CF-4EF0775815F0}"
EndProject
Project("{FAE04EC0-301F-11D3-BF4B-00C04F79EFBC}") = "Unity.VisualScripting.State", "Unity.VisualScripting.State.csproj", "{B340B50D-4733-853F-15C0-55DEAECD3BFF}"
EndProject
Project("{FAE04EC0-301F-11D3-BF4B-00C04F79EFBC}") = "Unity.VisualScripting.Core", "Unity.VisualScripting.Core.csproj", "{19AF7A26-85C0-8721-4156-21769F50AD5E}"
EndProject
Project("{FAE04EC0-301F-11D3-BF4B-00C04F79EFBC}") = "LeapMotion.LeapCSharp", "LeapMotion.LeapCSharp.csproj", "{586B663C-16F3-CBF6-8CA9-490971D606DE}"
EndProject
Project("{FAE04EC0-301F-11D3-BF4B-00C04F79EFBC}") = "Assembly-CSharp", "Assembly-CSharp.csproj", "{317AF071-8C4A-E67C-3BA8-1F6434CF9AAD}"
EndProject
Project("{FAE04EC0-301F-11D3-BF4B-00C04F79EFBC}") = "Ultraleap.Tracking.InteractionEngine", "Ultraleap.Tracking.InteractionEngine.csproj", "{49006A6E-4805-99D0-3C97-E4003E28AEA5}"
EndProject
Project("{FAE04EC0-301F-11D3-BF4B-00C04F79EFBC}") = "Unity.TextMeshPro", "Unity.TextMeshPro.csproj", "{C5FC4D2C-BAAB-F1A7-36E2-9A3885E106C0}"
EndProject
Project("{FAE04EC0-301F-11D3-BF4B-00C04F79EFBC}") = "Unity.Timeline", "Unity.Timeline.csproj", "{5C4F40BA-8ABC-6A2D-3FA7-A19D6E781EF4}"
EndProject
Project("{FAE04EC0-301F-11D3-BF4B-00C04F79EFBC}") = "Ultraleap.Tracking.Hands", "Ultraleap.Tracking.Hands.csproj", "{F218DA07-6866-7D02-F795-156DEAC99332}"
EndProject
Project("{FAE04EC0-301F-11D3-BF4B-00C04F79EFBC}") = "Unity.PlasticSCM.Editor", "Unity.PlasticSCM.Editor.csproj", "{7800B4D1-D82E-0CFD-B0D8-09CA8C8D08E4}"
EndProject
Project("{FAE04EC0-301F-11D3-BF4B-00C04F79EFBC}") = "Unity.VisualScripting.Core.Editor", "Unity.VisualScripting.Core.Editor.csproj", "{ED34289A-8538-C466-40B1-BCEC72F2E0D6}"
EndProject
Project("{FAE04EC0-301F-11D3-BF4B-00C04F79EFBC}") = "Ultraleap.Tracking.Core.Editor.Tests", "Ultraleap.Tracking.Core.Editor.Tests.csproj", "{9037763E-C9FE-9A4B-3C5A-27294DCEF7C0}"
EndProject
Project("{FAE04EC0-301F-11D3-BF4B-00C04F79EFBC}") = "Unity.VisualScripting.Flow.Editor", "Unity.VisualScripting.Flow.Editor.csproj", "{28124851-1B3B-EE6B-FC12-AA5926BA0D9B}"
EndProject
Project("{FAE04EC0-301F-11D3-BF4B-00C04F79EFBC}") = "Unity.VisualStudio.Editor", "Unity.VisualStudio.Editor.csproj", "{5A5C7D1D-2ECF-7135-75C7-016C7429DFD7}"
EndProject
Project("{FAE04EC0-301F-11D3-BF4B-00C04F79EFBC}") = "Unity.Timeline.Editor", "Unity.Timeline.Editor.csproj", "{904495DA-15E0-683A-7FC4-8A69D260A3B8}"
EndProject
Project("{FAE04EC0-301F-11D3-BF4B-00C04F79EFBC}") = "Unity.VisualScripting.State.Editor", "Unity.VisualScripting.State.Editor.csproj", "{DD0B4F46-E7DD-4D38-0503-ADA0711DD58D}"
EndProject
Project("{FAE04EC0-301F-11D3-BF4B-00C04F79EFBC}") = "Unity.TextMeshPro.Editor", "Unity.TextMeshPro.Editor.csproj", "{988D9F24-2388-AE5F-B233-14DFC2EFCC64}"
EndProject
Project("{FAE04EC0-301F-11D3-BF4B-00C04F79EFBC}") = "Ultraleap.Tracking.Core.Editor", "Ultraleap.Tracking.Core.Editor.csproj", "{30D5DB65-B138-8EFA-ED52-78AE28EAF5F7}"
EndProject
Project("{FAE04EC0-301F-11D3-BF4B-00C04F79EFBC}") = "Unity.VisualScripting.SettingsProvider.Editor", "Unity.VisualScripting.SettingsProvider.Editor.csproj", "{BC1055FA-0598-EDCA-F11D-26000DF87542}"
EndProject
Project("{FAE04EC0-301F-11D3-BF4B-00C04F79EFBC}") = "Unity.CollabProxy.Editor", "Unity.CollabProxy.Editor.csproj", "{6D80D854-D0D9-3B43-F712-AA6C5D079ABB}"
EndProject
Project("{FAE04EC0-301F-11D3-BF4B-00C04F79EFBC}") = "UnityEditor.TestRunner", "UnityEditor.TestRunner.csproj", "{A057692B-B6AA-1947-46FF-6F163FEC9CDD}"
EndProject
Project("{FAE04EC0-301F-11D3-BF4B-00C04F79EFBC}") = "Unity.TestTools.CodeCoverage.Editor", "Unity.TestTools.CodeCoverage.Editor.csproj", "{E33EE0DC-9C7F-E4CC-B240-31DE50870EC8}"
EndProject
Project("{FAE04EC0-301F-11D3-BF4B-00C04F79EFBC}") = "Unity.Rider.Editor", "Unity.Rider.Editor.csproj", "{CCC487E9-DF4E-A101-4BE7-24FAAA35DE65}"
EndProject
Project("{FAE04EC0-301F-11D3-BF4B-00C04F79EFBC}") = "Unity.Services.Core.Editor", "Unity.Services.Core.Editor.csproj", "{125DB630-C671-82B1-F017-8C3752B6F5FB}"
EndProject
Project("{FAE04EC0-301F-11D3-BF4B-00C04F79EFBC}") = "Unity.Performance.Profile-Analyzer.Editor", "Unity.Performance.Profile-Analyzer.Editor.csproj", "{C99B5EDF-6938-BEEA-69AF-083BD5EDE8B9}"
EndProject
Project("{FAE04EC0-301F-11D3-BF4B-00C04F79EFBC}") = "Unity.VSCode.Editor", "Unity.VSCode.Editor.csproj", "{A274A7E4-76E0-DE1F-BA05-6736802F4ADC}"
EndProject
Project("{FAE04EC0-301F-11D3-BF4B-00C04F79EFBC}") = "UnityEditor.UI", "UnityEditor.UI.csproj", "{979CC8BF-B888-4F45-D5D4-A8C3F749FC13}"
EndProject
Project("{FAE04EC0-301F-11D3-BF4B-00C04F79EFBC}") = "Unity.TestTools.CodeCoverage.Editor.OpenCover.Model", "Unity.TestTools.CodeCoverage.Editor.OpenCover.Model.csproj", "{6F873A28-C5BB-7BEF-8C7A-82B559553E0C}"
EndProject
Project("{FAE04EC0-301F-11D3-BF4B-00C04F79EFBC}") = "Unity.EditorCoroutines.Editor", "Unity.EditorCoroutines.Editor.csproj", "{27BC3861-4A98-2803-36D0-2289484E1161}"
EndProject
Project("{FAE04EC0-301F-11D3-BF4B-00C04F79EFBC}") = "Unity.Settings.Editor", "Unity.Settings.Editor.csproj", "{0A7DDE9A-138A-F9D9-E4C0-A064A3033831}"
EndProject
Project("{FAE04EC0-301F-11D3-BF4B-00C04F79EFBC}") = "Ultraleap.Tracking.InteractionEngine.Editor", "Ultraleap.Tracking.InteractionEngine.Editor.csproj", "{80743A0A-7CB8-AD43-2E95-9D3356C426F6}"
EndProject
Project("{FAE04EC0-301F-11D3-BF4B-00C04F79EFBC}") = "Assembly-CSharp-Editor", "Assembly-CSharp-Editor.csproj", "{9E75F36C-AEE4-D83C-3549-722BE32553E5}"
EndProject
Project("{FAE04EC0-301F-11D3-BF4B-00C04F79EFBC}") = "Ultraleap.Tracking.Hands.Editor", "Ultraleap.Tracking.Hands.Editor.csproj", "{DC69F197-3FD3-C86C-30E3-1681B5F27C49}"
EndProject
Project("{FAE04EC0-301F-11D3-BF4B-00C04F79EFBC}") = "Unity.TestTools.CodeCoverage.Editor.OpenCover.Mono.Reflection", "Unity.TestTools.CodeCoverage.Editor.OpenCover.Mono.Reflection.csproj", "{8568E9CD-ED72-0457-0B8A-8223B4B676D0}"
EndProject
Project("{FAE04EC0-301F-11D3-BF4B-00C04F79EFBC}") = "Unity.VisualScripting.Shared.Editor", "Unity.VisualScripting.Shared.Editor.csproj", "{38A3F1CA-E1A3-91E0-7B03-B3F210ABDF49}"
EndProject
Project("{FAE04EC0-301F-11D3-BF4B-00C04F79EFBC}") = "Ultraleap.Tracking.Core", "Ultraleap.Tracking.Core.Player.csproj", "{3F9DA35C-245B-C0B3-167A-5B4CF69BF45B}"
EndProject
Project("{FAE04EC0-301F-11D3-BF4B-00C04F79EFBC}") = "UnityEngine.TestRunner", "UnityEngine.TestRunner.Player.csproj", "{8F722095-73FF-DE80-47A4-5A3A23CA1CCF}"
EndProject
Project("{FAE04EC0-301F-11D3-BF4B-00C04F79EFBC}") = "UnityEngine.UI", "UnityEngine.UI.Player.csproj", "{ECF1B2ED-B768-A1AB-3E0C-AD957CD1B22B}"
EndProject
Project("{FAE04EC0-301F-11D3-BF4B-00C04F79EFBC}") = "Unity.VisualScripting.Flow", "Unity.VisualScripting.Flow.Player.csproj", "{37504E76-91FC-B962-48B6-38BC640D4DCE}"
EndProject
Project("{FAE04EC0-301F-11D3-BF4B-00C04F79EFBC}") = "Unity.VisualScripting.State", "Unity.VisualScripting.State.Player.csproj", "{D82C6488-32C0-9EB0-327A-F45085B048B1}"
EndProject
Project("{FAE04EC0-301F-11D3-BF4B-00C04F79EFBC}") = "Unity.VisualScripting.Core", "Unity.VisualScripting.Core.Player.csproj", "{72E4810F-F63C-36F8-52C3-B4590D06EF64}"
EndProject
Project("{FAE04EC0-301F-11D3-BF4B-00C04F79EFBC}") = "LeapMotion.LeapCSharp", "LeapMotion.LeapCSharp.Player.csproj", "{6880BBE0-D24C-80F3-57EB-81067F63D650}"
EndProject
Project("{FAE04EC0-301F-11D3-BF4B-00C04F79EFBC}") = "Assembly-CSharp", "Assembly-CSharp.Player.csproj", "{0215DF36-2803-438B-1BD2-4B7B3D219831}"
EndProject
Project("{FAE04EC0-301F-11D3-BF4B-00C04F79EFBC}") = "Ultraleap.Tracking.InteractionEngine", "Ultraleap.Tracking.InteractionEngine.Player.csproj", "{BEB3E564-D18C-FF5E-2C68-00DCC5BFF811}"
EndProject
Project("{FAE04EC0-301F-11D3-BF4B-00C04F79EFBC}") = "Unity.TextMeshPro", "Unity.TextMeshPro.Player.csproj", "{A0274512-16B1-9749-32D7-9E53A8479945}"
EndProject
Project("{FAE04EC0-301F-11D3-BF4B-00C04F79EFBC}") = "Unity.Timeline", "Unity.Timeline.Player.csproj", "{C06A6611-B1B5-68D4-4283-80C214F8AEB6}"
EndProject
Project("{FAE04EC0-301F-11D3-BF4B-00C04F79EFBC}") = "Ultraleap.Tracking.Hands", "Ultraleap.Tracking.Hands.Player.csproj", "{A52DCE1F-244E-E607-9319-D3E38D1B11D3}"
EndProject
Global
	GlobalSection(SolutionConfigurationPlatforms) = preSolution
		Debug|Any CPU = Debug|Any CPU
		Release|Any CPU = Release|Any CPU
	EndGlobalSection
	GlobalSection(ProjectConfigurationPlatforms) = postSolution
		{0D9DE5AF-1117-BA44-5E32-1EEF723ACDD7}.Debug|Any CPU.ActiveCfg = Debug|Any CPU
		{0D9DE5AF-1117-BA44-5E32-1EEF723ACDD7}.Debug|Any CPU.Build.0 = Debug|Any CPU
		{0D9DE5AF-1117-BA44-5E32-1EEF723ACDD7}.Release|Any CPU.ActiveCfg = Release|Any CPU
		{0D9DE5AF-1117-BA44-5E32-1EEF723ACDD7}.Release|Any CPU.Build.0 = Release|Any CPU
		{05851C06-29BA-1801-E317-5B2AD0946BE5}.Debug|Any CPU.ActiveCfg = Debug|Any CPU
		{05851C06-29BA-1801-E317-5B2AD0946BE5}.Debug|Any CPU.Build.0 = Debug|Any CPU
		{05851C06-29BA-1801-E317-5B2AD0946BE5}.Release|Any CPU.ActiveCfg = Release|Any CPU
		{05851C06-29BA-1801-E317-5B2AD0946BE5}.Release|Any CPU.Build.0 = Release|Any CPU
		{AE71E447-3BAC-AEAF-EB7E-4F7A1AA95301}.Debug|Any CPU.ActiveCfg = Debug|Any CPU
		{AE71E447-3BAC-AEAF-EB7E-4F7A1AA95301}.Debug|Any CPU.Build.0 = Debug|Any CPU
		{AE71E447-3BAC-AEAF-EB7E-4F7A1AA95301}.Release|Any CPU.ActiveCfg = Release|Any CPU
		{AE71E447-3BAC-AEAF-EB7E-4F7A1AA95301}.Release|Any CPU.Build.0 = Release|Any CPU
		{D4F63DD8-9A75-B281-44CF-4EF0775815F0}.Debug|Any CPU.ActiveCfg = Debug|Any CPU
		{D4F63DD8-9A75-B281-44CF-4EF0775815F0}.Debug|Any CPU.Build.0 = Debug|Any CPU
		{D4F63DD8-9A75-B281-44CF-4EF0775815F0}.Release|Any CPU.ActiveCfg = Release|Any CPU
		{D4F63DD8-9A75-B281-44CF-4EF0775815F0}.Release|Any CPU.Build.0 = Release|Any CPU
		{B340B50D-4733-853F-15C0-55DEAECD3BFF}.Debug|Any CPU.ActiveCfg = Debug|Any CPU
		{B340B50D-4733-853F-15C0-55DEAECD3BFF}.Debug|Any CPU.Build.0 = Debug|Any CPU
		{B340B50D-4733-853F-15C0-55DEAECD3BFF}.Release|Any CPU.ActiveCfg = Release|Any CPU
		{B340B50D-4733-853F-15C0-55DEAECD3BFF}.Release|Any CPU.Build.0 = Release|Any CPU
		{19AF7A26-85C0-8721-4156-21769F50AD5E}.Debug|Any CPU.ActiveCfg = Debug|Any CPU
		{19AF7A26-85C0-8721-4156-21769F50AD5E}.Debug|Any CPU.Build.0 = Debug|Any CPU
		{19AF7A26-85C0-8721-4156-21769F50AD5E}.Release|Any CPU.ActiveCfg = Release|Any CPU
		{19AF7A26-85C0-8721-4156-21769F50AD5E}.Release|Any CPU.Build.0 = Release|Any CPU
		{586B663C-16F3-CBF6-8CA9-490971D606DE}.Debug|Any CPU.ActiveCfg = Debug|Any CPU
		{586B663C-16F3-CBF6-8CA9-490971D606DE}.Debug|Any CPU.Build.0 = Debug|Any CPU
		{586B663C-16F3-CBF6-8CA9-490971D606DE}.Release|Any CPU.ActiveCfg = Release|Any CPU
		{586B663C-16F3-CBF6-8CA9-490971D606DE}.Release|Any CPU.Build.0 = Release|Any CPU
		{317AF071-8C4A-E67C-3BA8-1F6434CF9AAD}.Debug|Any CPU.ActiveCfg = Debug|Any CPU
		{317AF071-8C4A-E67C-3BA8-1F6434CF9AAD}.Debug|Any CPU.Build.0 = Debug|Any CPU
		{317AF071-8C4A-E67C-3BA8-1F6434CF9AAD}.Release|Any CPU.ActiveCfg = Release|Any CPU
		{317AF071-8C4A-E67C-3BA8-1F6434CF9AAD}.Release|Any CPU.Build.0 = Release|Any CPU
		{49006A6E-4805-99D0-3C97-E4003E28AEA5}.Debug|Any CPU.ActiveCfg = Debug|Any CPU
		{49006A6E-4805-99D0-3C97-E4003E28AEA5}.Debug|Any CPU.Build.0 = Debug|Any CPU
		{49006A6E-4805-99D0-3C97-E4003E28AEA5}.Release|Any CPU.ActiveCfg = Release|Any CPU
		{49006A6E-4805-99D0-3C97-E4003E28AEA5}.Release|Any CPU.Build.0 = Release|Any CPU
		{C5FC4D2C-BAAB-F1A7-36E2-9A3885E106C0}.Debug|Any CPU.ActiveCfg = Debug|Any CPU
		{C5FC4D2C-BAAB-F1A7-36E2-9A3885E106C0}.Debug|Any CPU.Build.0 = Debug|Any CPU
		{C5FC4D2C-BAAB-F1A7-36E2-9A3885E106C0}.Release|Any CPU.ActiveCfg = Release|Any CPU
		{C5FC4D2C-BAAB-F1A7-36E2-9A3885E106C0}.Release|Any CPU.Build.0 = Release|Any CPU
		{5C4F40BA-8ABC-6A2D-3FA7-A19D6E781EF4}.Debug|Any CPU.ActiveCfg = Debug|Any CPU
		{5C4F40BA-8ABC-6A2D-3FA7-A19D6E781EF4}.Debug|Any CPU.Build.0 = Debug|Any CPU
		{5C4F40BA-8ABC-6A2D-3FA7-A19D6E781EF4}.Release|Any CPU.ActiveCfg = Release|Any CPU
		{5C4F40BA-8ABC-6A2D-3FA7-A19D6E781EF4}.Release|Any CPU.Build.0 = Release|Any CPU
		{F218DA07-6866-7D02-F795-156DEAC99332}.Debug|Any CPU.ActiveCfg = Debug|Any CPU
		{F218DA07-6866-7D02-F795-156DEAC99332}.Debug|Any CPU.Build.0 = Debug|Any CPU
		{F218DA07-6866-7D02-F795-156DEAC99332}.Release|Any CPU.ActiveCfg = Release|Any CPU
		{F218DA07-6866-7D02-F795-156DEAC99332}.Release|Any CPU.Build.0 = Release|Any CPU
		{7800B4D1-D82E-0CFD-B0D8-09CA8C8D08E4}.Debug|Any CPU.ActiveCfg = Debug|Any CPU
		{7800B4D1-D82E-0CFD-B0D8-09CA8C8D08E4}.Debug|Any CPU.Build.0 = Debug|Any CPU
		{7800B4D1-D82E-0CFD-B0D8-09CA8C8D08E4}.Release|Any CPU.ActiveCfg = Release|Any CPU
		{7800B4D1-D82E-0CFD-B0D8-09CA8C8D08E4}.Release|Any CPU.Build.0 = Release|Any CPU
		{ED34289A-8538-C466-40B1-BCEC72F2E0D6}.Debug|Any CPU.ActiveCfg = Debug|Any CPU
		{ED34289A-8538-C466-40B1-BCEC72F2E0D6}.Debug|Any CPU.Build.0 = Debug|Any CPU
		{ED34289A-8538-C466-40B1-BCEC72F2E0D6}.Release|Any CPU.ActiveCfg = Release|Any CPU
		{ED34289A-8538-C466-40B1-BCEC72F2E0D6}.Release|Any CPU.Build.0 = Release|Any CPU
		{9037763E-C9FE-9A4B-3C5A-27294DCEF7C0}.Debug|Any CPU.ActiveCfg = Debug|Any CPU
		{9037763E-C9FE-9A4B-3C5A-27294DCEF7C0}.Debug|Any CPU.Build.0 = Debug|Any CPU
		{9037763E-C9FE-9A4B-3C5A-27294DCEF7C0}.Release|Any CPU.ActiveCfg = Release|Any CPU
		{9037763E-C9FE-9A4B-3C5A-27294DCEF7C0}.Release|Any CPU.Build.0 = Release|Any CPU
		{28124851-1B3B-EE6B-FC12-AA5926BA0D9B}.Debug|Any CPU.ActiveCfg = Debug|Any CPU
		{28124851-1B3B-EE6B-FC12-AA5926BA0D9B}.Debug|Any CPU.Build.0 = Debug|Any CPU
		{28124851-1B3B-EE6B-FC12-AA5926BA0D9B}.Release|Any CPU.ActiveCfg = Release|Any CPU
		{28124851-1B3B-EE6B-FC12-AA5926BA0D9B}.Release|Any CPU.Build.0 = Release|Any CPU
		{5A5C7D1D-2ECF-7135-75C7-016C7429DFD7}.Debug|Any CPU.ActiveCfg = Debug|Any CPU
		{5A5C7D1D-2ECF-7135-75C7-016C7429DFD7}.Debug|Any CPU.Build.0 = Debug|Any CPU
		{5A5C7D1D-2ECF-7135-75C7-016C7429DFD7}.Release|Any CPU.ActiveCfg = Release|Any CPU
		{5A5C7D1D-2ECF-7135-75C7-016C7429DFD7}.Release|Any CPU.Build.0 = Release|Any CPU
		{904495DA-15E0-683A-7FC4-8A69D260A3B8}.Debug|Any CPU.ActiveCfg = Debug|Any CPU
		{904495DA-15E0-683A-7FC4-8A69D260A3B8}.Debug|Any CPU.Build.0 = Debug|Any CPU
		{904495DA-15E0-683A-7FC4-8A69D260A3B8}.Release|Any CPU.ActiveCfg = Release|Any CPU
		{904495DA-15E0-683A-7FC4-8A69D260A3B8}.Release|Any CPU.Build.0 = Release|Any CPU
		{DD0B4F46-E7DD-4D38-0503-ADA0711DD58D}.Debug|Any CPU.ActiveCfg = Debug|Any CPU
		{DD0B4F46-E7DD-4D38-0503-ADA0711DD58D}.Debug|Any CPU.Build.0 = Debug|Any CPU
		{DD0B4F46-E7DD-4D38-0503-ADA0711DD58D}.Release|Any CPU.ActiveCfg = Release|Any CPU
		{DD0B4F46-E7DD-4D38-0503-ADA0711DD58D}.Release|Any CPU.Build.0 = Release|Any CPU
		{988D9F24-2388-AE5F-B233-14DFC2EFCC64}.Debug|Any CPU.ActiveCfg = Debug|Any CPU
		{988D9F24-2388-AE5F-B233-14DFC2EFCC64}.Debug|Any CPU.Build.0 = Debug|Any CPU
		{988D9F24-2388-AE5F-B233-14DFC2EFCC64}.Release|Any CPU.ActiveCfg = Release|Any CPU
		{988D9F24-2388-AE5F-B233-14DFC2EFCC64}.Release|Any CPU.Build.0 = Release|Any CPU
		{30D5DB65-B138-8EFA-ED52-78AE28EAF5F7}.Debug|Any CPU.ActiveCfg = Debug|Any CPU
		{30D5DB65-B138-8EFA-ED52-78AE28EAF5F7}.Debug|Any CPU.Build.0 = Debug|Any CPU
		{30D5DB65-B138-8EFA-ED52-78AE28EAF5F7}.Release|Any CPU.ActiveCfg = Release|Any CPU
		{30D5DB65-B138-8EFA-ED52-78AE28EAF5F7}.Release|Any CPU.Build.0 = Release|Any CPU
		{BC1055FA-0598-EDCA-F11D-26000DF87542}.Debug|Any CPU.ActiveCfg = Debug|Any CPU
		{BC1055FA-0598-EDCA-F11D-26000DF87542}.Debug|Any CPU.Build.0 = Debug|Any CPU
		{BC1055FA-0598-EDCA-F11D-26000DF87542}.Release|Any CPU.ActiveCfg = Release|Any CPU
		{BC1055FA-0598-EDCA-F11D-26000DF87542}.Release|Any CPU.Build.0 = Release|Any CPU
		{6D80D854-D0D9-3B43-F712-AA6C5D079ABB}.Debug|Any CPU.ActiveCfg = Debug|Any CPU
		{6D80D854-D0D9-3B43-F712-AA6C5D079ABB}.Debug|Any CPU.Build.0 = Debug|Any CPU
		{6D80D854-D0D9-3B43-F712-AA6C5D079ABB}.Release|Any CPU.ActiveCfg = Release|Any CPU
		{6D80D854-D0D9-3B43-F712-AA6C5D079ABB}.Release|Any CPU.Build.0 = Release|Any CPU
		{A057692B-B6AA-1947-46FF-6F163FEC9CDD}.Debug|Any CPU.ActiveCfg = Debug|Any CPU
		{A057692B-B6AA-1947-46FF-6F163FEC9CDD}.Debug|Any CPU.Build.0 = Debug|Any CPU
		{A057692B-B6AA-1947-46FF-6F163FEC9CDD}.Release|Any CPU.ActiveCfg = Release|Any CPU
		{A057692B-B6AA-1947-46FF-6F163FEC9CDD}.Release|Any CPU.Build.0 = Release|Any CPU
		{E33EE0DC-9C7F-E4CC-B240-31DE50870EC8}.Debug|Any CPU.ActiveCfg = Debug|Any CPU
		{E33EE0DC-9C7F-E4CC-B240-31DE50870EC8}.Debug|Any CPU.Build.0 = Debug|Any CPU
		{E33EE0DC-9C7F-E4CC-B240-31DE50870EC8}.Release|Any CPU.ActiveCfg = Release|Any CPU
		{E33EE0DC-9C7F-E4CC-B240-31DE50870EC8}.Release|Any CPU.Build.0 = Release|Any CPU
		{CCC487E9-DF4E-A101-4BE7-24FAAA35DE65}.Debug|Any CPU.ActiveCfg = Debug|Any CPU
		{CCC487E9-DF4E-A101-4BE7-24FAAA35DE65}.Debug|Any CPU.Build.0 = Debug|Any CPU
		{CCC487E9-DF4E-A101-4BE7-24FAAA35DE65}.Release|Any CPU.ActiveCfg = Release|Any CPU
		{CCC487E9-DF4E-A101-4BE7-24FAAA35DE65}.Release|Any CPU.Build.0 = Release|Any CPU
		{125DB630-C671-82B1-F017-8C3752B6F5FB}.Debug|Any CPU.ActiveCfg = Debug|Any CPU
		{125DB630-C671-82B1-F017-8C3752B6F5FB}.Debug|Any CPU.Build.0 = Debug|Any CPU
		{125DB630-C671-82B1-F017-8C3752B6F5FB}.Release|Any CPU.ActiveCfg = Release|Any CPU
		{125DB630-C671-82B1-F017-8C3752B6F5FB}.Release|Any CPU.Build.0 = Release|Any CPU
		{C99B5EDF-6938-BEEA-69AF-083BD5EDE8B9}.Debug|Any CPU.ActiveCfg = Debug|Any CPU
		{C99B5EDF-6938-BEEA-69AF-083BD5EDE8B9}.Debug|Any CPU.Build.0 = Debug|Any CPU
		{C99B5EDF-6938-BEEA-69AF-083BD5EDE8B9}.Release|Any CPU.ActiveCfg = Release|Any CPU
		{C99B5EDF-6938-BEEA-69AF-083BD5EDE8B9}.Release|Any CPU.Build.0 = Release|Any CPU
		{A274A7E4-76E0-DE1F-BA05-6736802F4ADC}.Debug|Any CPU.ActiveCfg = Debug|Any CPU
		{A274A7E4-76E0-DE1F-BA05-6736802F4ADC}.Debug|Any CPU.Build.0 = Debug|Any CPU
		{A274A7E4-76E0-DE1F-BA05-6736802F4ADC}.Release|Any CPU.ActiveCfg = Release|Any CPU
		{A274A7E4-76E0-DE1F-BA05-6736802F4ADC}.Release|Any CPU.Build.0 = Release|Any CPU
		{979CC8BF-B888-4F45-D5D4-A8C3F749FC13}.Debug|Any CPU.ActiveCfg = Debug|Any CPU
		{979CC8BF-B888-4F45-D5D4-A8C3F749FC13}.Debug|Any CPU.Build.0 = Debug|Any CPU
		{979CC8BF-B888-4F45-D5D4-A8C3F749FC13}.Release|Any CPU.ActiveCfg = Release|Any CPU
		{979CC8BF-B888-4F45-D5D4-A8C3F749FC13}.Release|Any CPU.Build.0 = Release|Any CPU
		{6F873A28-C5BB-7BEF-8C7A-82B559553E0C}.Debug|Any CPU.ActiveCfg = Debug|Any CPU
		{6F873A28-C5BB-7BEF-8C7A-82B559553E0C}.Debug|Any CPU.Build.0 = Debug|Any CPU
		{6F873A28-C5BB-7BEF-8C7A-82B559553E0C}.Release|Any CPU.ActiveCfg = Release|Any CPU
		{6F873A28-C5BB-7BEF-8C7A-82B559553E0C}.Release|Any CPU.Build.0 = Release|Any CPU
		{27BC3861-4A98-2803-36D0-2289484E1161}.Debug|Any CPU.ActiveCfg = Debug|Any CPU
		{27BC3861-4A98-2803-36D0-2289484E1161}.Debug|Any CPU.Build.0 = Debug|Any CPU
		{27BC3861-4A98-2803-36D0-2289484E1161}.Release|Any CPU.ActiveCfg = Release|Any CPU
		{27BC3861-4A98-2803-36D0-2289484E1161}.Release|Any CPU.Build.0 = Release|Any CPU
		{0A7DDE9A-138A-F9D9-E4C0-A064A3033831}.Debug|Any CPU.ActiveCfg = Debug|Any CPU
		{0A7DDE9A-138A-F9D9-E4C0-A064A3033831}.Debug|Any CPU.Build.0 = Debug|Any CPU
		{0A7DDE9A-138A-F9D9-E4C0-A064A3033831}.Release|Any CPU.ActiveCfg = Release|Any CPU
		{0A7DDE9A-138A-F9D9-E4C0-A064A3033831}.Release|Any CPU.Build.0 = Release|Any CPU
		{80743A0A-7CB8-AD43-2E95-9D3356C426F6}.Debug|Any CPU.ActiveCfg = Debug|Any CPU
		{80743A0A-7CB8-AD43-2E95-9D3356C426F6}.Debug|Any CPU.Build.0 = Debug|Any CPU
		{80743A0A-7CB8-AD43-2E95-9D3356C426F6}.Release|Any CPU.ActiveCfg = Release|Any CPU
		{80743A0A-7CB8-AD43-2E95-9D3356C426F6}.Release|Any CPU.Build.0 = Release|Any CPU
		{9E75F36C-AEE4-D83C-3549-722BE32553E5}.Debug|Any CPU.ActiveCfg = Debug|Any CPU
		{9E75F36C-AEE4-D83C-3549-722BE32553E5}.Debug|Any CPU.Build.0 = Debug|Any CPU
		{9E75F36C-AEE4-D83C-3549-722BE32553E5}.Release|Any CPU.ActiveCfg = Release|Any CPU
		{9E75F36C-AEE4-D83C-3549-722BE32553E5}.Release|Any CPU.Build.0 = Release|Any CPU
		{DC69F197-3FD3-C86C-30E3-1681B5F27C49}.Debug|Any CPU.ActiveCfg = Debug|Any CPU
		{DC69F197-3FD3-C86C-30E3-1681B5F27C49}.Debug|Any CPU.Build.0 = Debug|Any CPU
		{DC69F197-3FD3-C86C-30E3-1681B5F27C49}.Release|Any CPU.ActiveCfg = Release|Any CPU
		{DC69F197-3FD3-C86C-30E3-1681B5F27C49}.Release|Any CPU.Build.0 = Release|Any CPU
		{8568E9CD-ED72-0457-0B8A-8223B4B676D0}.Debug|Any CPU.ActiveCfg = Debug|Any CPU
		{8568E9CD-ED72-0457-0B8A-8223B4B676D0}.Debug|Any CPU.Build.0 = Debug|Any CPU
		{8568E9CD-ED72-0457-0B8A-8223B4B676D0}.Release|Any CPU.ActiveCfg = Release|Any CPU
		{8568E9CD-ED72-0457-0B8A-8223B4B676D0}.Release|Any CPU.Build.0 = Release|Any CPU
		{38A3F1CA-E1A3-91E0-7B03-B3F210ABDF49}.Debug|Any CPU.ActiveCfg = Debug|Any CPU
		{38A3F1CA-E1A3-91E0-7B03-B3F210ABDF49}.Debug|Any CPU.Build.0 = Debug|Any CPU
		{38A3F1CA-E1A3-91E0-7B03-B3F210ABDF49}.Release|Any CPU.ActiveCfg = Release|Any CPU
		{38A3F1CA-E1A3-91E0-7B03-B3F210ABDF49}.Release|Any CPU.Build.0 = Release|Any CPU
		{3F9DA35C-245B-C0B3-167A-5B4CF69BF45B}.Debug|Any CPU.ActiveCfg = Debug|Any CPU
		{3F9DA35C-245B-C0B3-167A-5B4CF69BF45B}.Debug|Any CPU.Build.0 = Debug|Any CPU
		{3F9DA35C-245B-C0B3-167A-5B4CF69BF45B}.Release|Any CPU.ActiveCfg = Release|Any CPU
		{3F9DA35C-245B-C0B3-167A-5B4CF69BF45B}.Release|Any CPU.Build.0 = Release|Any CPU
		{8F722095-73FF-DE80-47A4-5A3A23CA1CCF}.Debug|Any CPU.ActiveCfg = Debug|Any CPU
		{8F722095-73FF-DE80-47A4-5A3A23CA1CCF}.Debug|Any CPU.Build.0 = Debug|Any CPU
		{8F722095-73FF-DE80-47A4-5A3A23CA1CCF}.Release|Any CPU.ActiveCfg = Release|Any CPU
		{8F722095-73FF-DE80-47A4-5A3A23CA1CCF}.Release|Any CPU.Build.0 = Release|Any CPU
		{ECF1B2ED-B768-A1AB-3E0C-AD957CD1B22B}.Debug|Any CPU.ActiveCfg = Debug|Any CPU
		{ECF1B2ED-B768-A1AB-3E0C-AD957CD1B22B}.Debug|Any CPU.Build.0 = Debug|Any CPU
		{ECF1B2ED-B768-A1AB-3E0C-AD957CD1B22B}.Release|Any CPU.ActiveCfg = Release|Any CPU
		{ECF1B2ED-B768-A1AB-3E0C-AD957CD1B22B}.Release|Any CPU.Build.0 = Release|Any CPU
		{37504E76-91FC-B962-48B6-38BC640D4DCE}.Debug|Any CPU.ActiveCfg = Debug|Any CPU
		{37504E76-91FC-B962-48B6-38BC640D4DCE}.Debug|Any CPU.Build.0 = Debug|Any CPU
		{37504E76-91FC-B962-48B6-38BC640D4DCE}.Release|Any CPU.ActiveCfg = Release|Any CPU
		{37504E76-91FC-B962-48B6-38BC640D4DCE}.Release|Any CPU.Build.0 = Release|Any CPU
		{D82C6488-32C0-9EB0-327A-F45085B048B1}.Debug|Any CPU.ActiveCfg = Debug|Any CPU
		{D82C6488-32C0-9EB0-327A-F45085B048B1}.Debug|Any CPU.Build.0 = Debug|Any CPU
		{D82C6488-32C0-9EB0-327A-F45085B048B1}.Release|Any CPU.ActiveCfg = Release|Any CPU
		{D82C6488-32C0-9EB0-327A-F45085B048B1}.Release|Any CPU.Build.0 = Release|Any CPU
		{72E4810F-F63C-36F8-52C3-B4590D06EF64}.Debug|Any CPU.ActiveCfg = Debug|Any CPU
		{72E4810F-F63C-36F8-52C3-B4590D06EF64}.Debug|Any CPU.Build.0 = Debug|Any CPU
		{72E4810F-F63C-36F8-52C3-B4590D06EF64}.Release|Any CPU.ActiveCfg = Release|Any CPU
		{72E4810F-F63C-36F8-52C3-B4590D06EF64}.Release|Any CPU.Build.0 = Release|Any CPU
		{6880BBE0-D24C-80F3-57EB-81067F63D650}.Debug|Any CPU.ActiveCfg = Debug|Any CPU
		{6880BBE0-D24C-80F3-57EB-81067F63D650}.Debug|Any CPU.Build.0 = Debug|Any CPU
		{6880BBE0-D24C-80F3-57EB-81067F63D650}.Release|Any CPU.ActiveCfg = Release|Any CPU
		{6880BBE0-D24C-80F3-57EB-81067F63D650}.Release|Any CPU.Build.0 = Release|Any CPU
		{0215DF36-2803-438B-1BD2-4B7B3D219831}.Debug|Any CPU.ActiveCfg = Debug|Any CPU
		{0215DF36-2803-438B-1BD2-4B7B3D219831}.Debug|Any CPU.Build.0 = Debug|Any CPU
		{0215DF36-2803-438B-1BD2-4B7B3D219831}.Release|Any CPU.ActiveCfg = Release|Any CPU
		{0215DF36-2803-438B-1BD2-4B7B3D219831}.Release|Any CPU.Build.0 = Release|Any CPU
		{BEB3E564-D18C-FF5E-2C68-00DCC5BFF811}.Debug|Any CPU.ActiveCfg = Debug|Any CPU
		{BEB3E564-D18C-FF5E-2C68-00DCC5BFF811}.Debug|Any CPU.Build.0 = Debug|Any CPU
		{BEB3E564-D18C-FF5E-2C68-00DCC5BFF811}.Release|Any CPU.ActiveCfg = Release|Any CPU
		{BEB3E564-D18C-FF5E-2C68-00DCC5BFF811}.Release|Any CPU.Build.0 = Release|Any CPU
		{A0274512-16B1-9749-32D7-9E53A8479945}.Debug|Any CPU.ActiveCfg = Debug|Any CPU
		{A0274512-16B1-9749-32D7-9E53A8479945}.Debug|Any CPU.Build.0 = Debug|Any CPU
		{A0274512-16B1-9749-32D7-9E53A8479945}.Release|Any CPU.ActiveCfg = Release|Any CPU
		{A0274512-16B1-9749-32D7-9E53A8479945}.Release|Any CPU.Build.0 = Release|Any CPU
		{C06A6611-B1B5-68D4-4283-80C214F8AEB6}.Debug|Any CPU.ActiveCfg = Debug|Any CPU
		{C06A6611-B1B5-68D4-4283-80C214F8AEB6}.Debug|Any CPU.Build.0 = Debug|Any CPU
		{C06A6611-B1B5-68D4-4283-80C214F8AEB6}.Release|Any CPU.ActiveCfg = Release|Any CPU
		{C06A6611-B1B5-68D4-4283-80C214F8AEB6}.Release|Any CPU.Build.0 = Release|Any CPU
		{A52DCE1F-244E-E607-9319-D3E38D1B11D3}.Debug|Any CPU.ActiveCfg = Debug|Any CPU
		{A52DCE1F-244E-E607-9319-D3E38D1B11D3}.Debug|Any CPU.Build.0 = Debug|Any CPU
		{A52DCE1F-244E-E607-9319-D3E38D1B11D3}.Release|Any CPU.ActiveCfg = Release|Any CPU
		{A52DCE1F-244E-E607-9319-D3E38D1B11D3}.Release|Any CPU.Build.0 = Release|Any CPU
	EndGlobalSection
	GlobalSection(SolutionProperties) = preSolution
		HideSolutionNode = FALSE
	EndGlobalSection
EndGlobal
